// !$*UTF8*$!
{
	archiveVersion = 1;
	classes = {
	};
	objectVersion = 56;
	objects = {

/* Begin PBXBuildFile section */
		320635472C187D3B000AAA4D /* CoffeeOrderApp_MV_patternApp.swift in Sources */ = {isa = PBXBuildFile; fileRef = 320635462C187D3B000AAA4D /* CoffeeOrderApp_MV_patternApp.swift */; };
		320635492C187D3B000AAA4D /* ContentView.swift in Sources */ = {isa = PBXBuildFile; fileRef = 320635482C187D3B000AAA4D /* ContentView.swift */; };
		3206354B2C187D3D000AAA4D /* Assets.xcassets in Resources */ = {isa = PBXBuildFile; fileRef = 3206354A2C187D3D000AAA4D /* Assets.xcassets */; };
		3206354E2C187D3D000AAA4D /* Preview Assets.xcassets in Resources */ = {isa = PBXBuildFile; fileRef = 3206354D2C187D3D000AAA4D /* Preview Assets.xcassets */; };
		321E4A302C19B1E9003B6CC2 /* CoffeeModel.swift in Sources */ = {isa = PBXBuildFile; fileRef = 321E4A282C19B1E9003B6CC2 /* CoffeeModel.swift */; };
		321E4A312C19B1E9003B6CC2 /* Order.swift in Sources */ = {isa = PBXBuildFile; fileRef = 321E4A292C19B1E9003B6CC2 /* Order.swift */; };
		321E4A322C19B1E9003B6CC2 /* OrderCellView.swift in Sources */ = {isa = PBXBuildFile; fileRef = 321E4A2B2C19B1E9003B6CC2 /* OrderCellView.swift */; };
		321E4A332C19B1E9003B6CC2 /* NumberFormatter+Extensions.swift in Sources */ = {isa = PBXBuildFile; fileRef = 321E4A2D2C19B1E9003B6CC2 /* NumberFormatter+Extensions.swift */; };
		321E4A342C19B1E9003B6CC2 /* WebService.swift in Sources */ = {isa = PBXBuildFile; fileRef = 321E4A2F2C19B1E9003B6CC2 /* WebService.swift */; };
		321E4A372C19CD19003B6CC2 /* AppEnvironment.swift in Sources */ = {isa = PBXBuildFile; fileRef = 321E4A362C19CD19003B6CC2 /* AppEnvironment.swift */; };
		321E4A3F2C19DC8F003B6CC2 /* CoffeeOrderAppE2ETests.swift in Sources */ = {isa = PBXBuildFile; fileRef = 321E4A3E2C19DC8F003B6CC2 /* CoffeeOrderAppE2ETests.swift */; };
		321E4A482C19E2A5003B6CC2 /* AddCoffeeView.swift in Sources */ = {isa = PBXBuildFile; fileRef = 321E4A472C19E2A5003B6CC2 /* AddCoffeeView.swift */; };
		321E4A4A2C19E44B003B6CC2 /* View+Extensions.swift in Sources */ = {isa = PBXBuildFile; fileRef = 321E4A492C19E44B003B6CC2 /* View+Extensions.swift */; };
		3221A8FB2C1AC4A000EB4A41 /* String+Extensions.swift in Sources */ = {isa = PBXBuildFile; fileRef = 3221A8FA2C1AC4A000EB4A41 /* String+Extensions.swift */; };
		323959E82C1C1C1100251A48 /* OrderDetailView.swift in Sources */ = {isa = PBXBuildFile; fileRef = 323959E72C1C1C1100251A48 /* OrderDetailView.swift */; };
/* End PBXBuildFile section */

/* Begin PBXContainerItemProxy section */
		321E4A422C19DC8F003B6CC2 /* PBXContainerItemProxy */ = {
			isa = PBXContainerItemProxy;
			containerPortal = 3206353B2C187D3B000AAA4D /* Project object */;
			proxyType = 1;
			remoteGlobalIDString = 320635422C187D3B000AAA4D;
			remoteInfo = CoffeeOrderApp_MV_pattern;
		};
/* End PBXContainerItemProxy section */

/* Begin PBXFileReference section */
		320635432C187D3B000AAA4D /* CoffeeOrderApp_MV_pattern.app */ = {isa = PBXFileReference; explicitFileType = wrapper.application; includeInIndex = 0; path = CoffeeOrderApp_MV_pattern.app; sourceTree = BUILT_PRODUCTS_DIR; };
		320635462C187D3B000AAA4D /* CoffeeOrderApp_MV_patternApp.swift */ = {isa = PBXFileReference; lastKnownFileType = sourcecode.swift; path = CoffeeOrderApp_MV_patternApp.swift; sourceTree = "<group>"; };
		320635482C187D3B000AAA4D /* ContentView.swift */ = {isa = PBXFileReference; lastKnownFileType = sourcecode.swift; path = ContentView.swift; sourceTree = "<group>"; };
		3206354A2C187D3D000AAA4D /* Assets.xcassets */ = {isa = PBXFileReference; lastKnownFileType = folder.assetcatalog; path = Assets.xcassets; sourceTree = "<group>"; };
		3206354D2C187D3D000AAA4D /* Preview Assets.xcassets */ = {isa = PBXFileReference; lastKnownFileType = folder.assetcatalog; path = "Preview Assets.xcassets"; sourceTree = "<group>"; };
		321E4A282C19B1E9003B6CC2 /* CoffeeModel.swift */ = {isa = PBXFileReference; fileEncoding = 4; lastKnownFileType = sourcecode.swift; path = CoffeeModel.swift; sourceTree = "<group>"; };
		321E4A292C19B1E9003B6CC2 /* Order.swift */ = {isa = PBXFileReference; fileEncoding = 4; lastKnownFileType = sourcecode.swift; path = Order.swift; sourceTree = "<group>"; };
		321E4A2B2C19B1E9003B6CC2 /* OrderCellView.swift */ = {isa = PBXFileReference; fileEncoding = 4; lastKnownFileType = sourcecode.swift; path = OrderCellView.swift; sourceTree = "<group>"; };
		321E4A2D2C19B1E9003B6CC2 /* NumberFormatter+Extensions.swift */ = {isa = PBXFileReference; fileEncoding = 4; lastKnownFileType = sourcecode.swift; path = "NumberFormatter+Extensions.swift"; sourceTree = "<group>"; };
		321E4A2F2C19B1E9003B6CC2 /* WebService.swift */ = {isa = PBXFileReference; fileEncoding = 4; lastKnownFileType = sourcecode.swift; path = WebService.swift; sourceTree = "<group>"; };
		321E4A362C19CD19003B6CC2 /* AppEnvironment.swift */ = {isa = PBXFileReference; lastKnownFileType = sourcecode.swift; path = AppEnvironment.swift; sourceTree = "<group>"; };
		321E4A3C2C19DC8E003B6CC2 /* CoffeeOrderAppE2ETests.xctest */ = {isa = PBXFileReference; explicitFileType = wrapper.cfbundle; includeInIndex = 0; path = CoffeeOrderAppE2ETests.xctest; sourceTree = BUILT_PRODUCTS_DIR; };
		321E4A3E2C19DC8F003B6CC2 /* CoffeeOrderAppE2ETests.swift */ = {isa = PBXFileReference; lastKnownFileType = sourcecode.swift; path = CoffeeOrderAppE2ETests.swift; sourceTree = "<group>"; };
		321E4A472C19E2A5003B6CC2 /* AddCoffeeView.swift */ = {isa = PBXFileReference; lastKnownFileType = sourcecode.swift; path = AddCoffeeView.swift; sourceTree = "<group>"; };
		321E4A492C19E44B003B6CC2 /* View+Extensions.swift */ = {isa = PBXFileReference; lastKnownFileType = sourcecode.swift; path = "View+Extensions.swift"; sourceTree = "<group>"; };
		3221A8FA2C1AC4A000EB4A41 /* String+Extensions.swift */ = {isa = PBXFileReference; lastKnownFileType = sourcecode.swift; path = "String+Extensions.swift"; sourceTree = "<group>"; };
		323959E72C1C1C1100251A48 /* OrderDetailView.swift */ = {isa = PBXFileReference; lastKnownFileType = sourcecode.swift; path = OrderDetailView.swift; sourceTree = "<group>"; };
/* End PBXFileReference section */

/* Begin PBXFrameworksBuildPhase section */
		320635402C187D3B000AAA4D /* Frameworks */ = {
			isa = PBXFrameworksBuildPhase;
			buildActionMask = 2147483647;
			files = (
			);
			runOnlyForDeploymentPostprocessing = 0;
		};
		321E4A392C19DC8E003B6CC2 /* Frameworks */ = {
			isa = PBXFrameworksBuildPhase;
			buildActionMask = 2147483647;
			files = (
			);
			runOnlyForDeploymentPostprocessing = 0;
		};
/* End PBXFrameworksBuildPhase section */

/* Begin PBXGroup section */
		3206353A2C187D3B000AAA4D = {
			isa = PBXGroup;
			children = (
				320635452C187D3B000AAA4D /* CoffeeOrderApp_MV_pattern */,
				321E4A3D2C19DC8F003B6CC2 /* CoffeeOrderAppE2ETests */,
				320635442C187D3B000AAA4D /* Products */,
			);
			sourceTree = "<group>";
		};
		320635442C187D3B000AAA4D /* Products */ = {
			isa = PBXGroup;
			children = (
				320635432C187D3B000AAA4D /* CoffeeOrderApp_MV_pattern.app */,
				321E4A3C2C19DC8E003B6CC2 /* CoffeeOrderAppE2ETests.xctest */,
			);
			name = Products;
			sourceTree = "<group>";
		};
		320635452C187D3B000AAA4D /* CoffeeOrderApp_MV_pattern */ = {
			isa = PBXGroup;
			children = (
				321E4A352C19CD06003B6CC2 /* Utils */,
				321E4A2C2C19B1E9003B6CC2 /* Extensions */,
				321E4A2E2C19B1E9003B6CC2 /* Services */,
				321E4A272C19B1E9003B6CC2 /* Models */,
				321E4A2A2C19B1E9003B6CC2 /* Views */,
				320635462C187D3B000AAA4D /* CoffeeOrderApp_MV_patternApp.swift */,
				320635482C187D3B000AAA4D /* ContentView.swift */,
				3206354A2C187D3D000AAA4D /* Assets.xcassets */,
				3206354C2C187D3D000AAA4D /* Preview Content */,
			);
			path = CoffeeOrderApp_MV_pattern;
			sourceTree = "<group>";
		};
		3206354C2C187D3D000AAA4D /* Preview Content */ = {
			isa = PBXGroup;
			children = (
				3206354D2C187D3D000AAA4D /* Preview Assets.xcassets */,
			);
			path = "Preview Content";
			sourceTree = "<group>";
		};
		321E4A272C19B1E9003B6CC2 /* Models */ = {
			isa = PBXGroup;
			children = (
				321E4A292C19B1E9003B6CC2 /* Order.swift */,
				321E4A282C19B1E9003B6CC2 /* CoffeeModel.swift */,
			);
			path = Models;
			sourceTree = "<group>";
		};
		321E4A2A2C19B1E9003B6CC2 /* Views */ = {
			isa = PBXGroup;
			children = (
				321E4A2B2C19B1E9003B6CC2 /* OrderCellView.swift */,
				321E4A472C19E2A5003B6CC2 /* AddCoffeeView.swift */,
				323959E72C1C1C1100251A48 /* OrderDetailView.swift */,
			);
			path = Views;
			sourceTree = "<group>";
		};
		321E4A2C2C19B1E9003B6CC2 /* Extensions */ = {
			isa = PBXGroup;
			children = (
				321E4A2D2C19B1E9003B6CC2 /* NumberFormatter+Extensions.swift */,
				321E4A492C19E44B003B6CC2 /* View+Extensions.swift */,
				3221A8FA2C1AC4A000EB4A41 /* String+Extensions.swift */,
			);
			path = Extensions;
			sourceTree = "<group>";
		};
		321E4A2E2C19B1E9003B6CC2 /* Services */ = {
			isa = PBXGroup;
			children = (
				321E4A2F2C19B1E9003B6CC2 /* WebService.swift */,
			);
			path = Services;
			sourceTree = "<group>";
		};
		321E4A352C19CD06003B6CC2 /* Utils */ = {
			isa = PBXGroup;
			children = (
				321E4A362C19CD19003B6CC2 /* AppEnvironment.swift */,
			);
			path = Utils;
			sourceTree = "<group>";
		};
		321E4A3D2C19DC8F003B6CC2 /* CoffeeOrderAppE2ETests */ = {
			isa = PBXGroup;
			children = (
				321E4A3E2C19DC8F003B6CC2 /* CoffeeOrderAppE2ETests.swift */,
			);
			path = CoffeeOrderAppE2ETests;
			sourceTree = "<group>";
		};
/* End PBXGroup section */

/* Begin PBXNativeTarget section */
		320635422C187D3B000AAA4D /* CoffeeOrderApp_MV_pattern */ = {
			isa = PBXNativeTarget;
			buildConfigurationList = 320635512C187D3D000AAA4D /* Build configuration list for PBXNativeTarget "CoffeeOrderApp_MV_pattern" */;
			buildPhases = (
				3206353F2C187D3B000AAA4D /* Sources */,
				320635402C187D3B000AAA4D /* Frameworks */,
				320635412C187D3B000AAA4D /* Resources */,
			);
			buildRules = (
			);
			dependencies = (
			);
			name = CoffeeOrderApp_MV_pattern;
			productName = CoffeeOrderApp_MV_pattern;
			productReference = 320635432C187D3B000AAA4D /* CoffeeOrderApp_MV_pattern.app */;
			productType = "com.apple.product-type.application";
		};
		321E4A3B2C19DC8E003B6CC2 /* CoffeeOrderAppE2ETests */ = {
			isa = PBXNativeTarget;
			buildConfigurationList = 321E4A442C19DC8F003B6CC2 /* Build configuration list for PBXNativeTarget "CoffeeOrderAppE2ETests" */;
			buildPhases = (
				321E4A382C19DC8E003B6CC2 /* Sources */,
				321E4A392C19DC8E003B6CC2 /* Frameworks */,
				321E4A3A2C19DC8E003B6CC2 /* Resources */,
			);
			buildRules = (
			);
			dependencies = (
				321E4A432C19DC8F003B6CC2 /* PBXTargetDependency */,
			);
			name = CoffeeOrderAppE2ETests;
			productName = CoffeeOrderAppE2ETests;
			productReference = 321E4A3C2C19DC8E003B6CC2 /* CoffeeOrderAppE2ETests.xctest */;
			productType = "com.apple.product-type.bundle.ui-testing";
		};
/* End PBXNativeTarget section */

/* Begin PBXProject section */
		3206353B2C187D3B000AAA4D /* Project object */ = {
			isa = PBXProject;
			attributes = {
				BuildIndependentTargetsInParallel = 1;
				LastSwiftUpdateCheck = 1500;
				LastUpgradeCheck = 1500;
				TargetAttributes = {
					320635422C187D3B000AAA4D = {
						CreatedOnToolsVersion = 15.0.1;
					};
					321E4A3B2C19DC8E003B6CC2 = {
						CreatedOnToolsVersion = 15.0.1;
						TestTargetID = 320635422C187D3B000AAA4D;
					};
				};
			};
			buildConfigurationList = 3206353E2C187D3B000AAA4D /* Build configuration list for PBXProject "CoffeeOrderApp_MV_pattern" */;
			compatibilityVersion = "Xcode 14.0";
			developmentRegion = en;
			hasScannedForEncodings = 0;
			knownRegions = (
				en,
				Base,
			);
			mainGroup = 3206353A2C187D3B000AAA4D;
			productRefGroup = 320635442C187D3B000AAA4D /* Products */;
			projectDirPath = "";
			projectRoot = "";
			targets = (
				320635422C187D3B000AAA4D /* CoffeeOrderApp_MV_pattern */,
				321E4A3B2C19DC8E003B6CC2 /* CoffeeOrderAppE2ETests */,
			);
		};
/* End PBXProject section */

/* Begin PBXResourcesBuildPhase section */
		320635412C187D3B000AAA4D /* Resources */ = {
			isa = PBXResourcesBuildPhase;
			buildActionMask = 2147483647;
			files = (
				3206354E2C187D3D000AAA4D /* Preview Assets.xcassets in Resources */,
				3206354B2C187D3D000AAA4D /* Assets.xcassets in Resources */,
			);
			runOnlyForDeploymentPostprocessing = 0;
		};
		321E4A3A2C19DC8E003B6CC2 /* Resources */ = {
			isa = PBXResourcesBuildPhase;
			buildActionMask = 2147483647;
			files = (
			);
			runOnlyForDeploymentPostprocessing = 0;
		};
/* End PBXResourcesBuildPhase section */

/* Begin PBXSourcesBuildPhase section */
		3206353F2C187D3B000AAA4D /* Sources */ = {
			isa = PBXSourcesBuildPhase;
			buildActionMask = 2147483647;
			files = (
				320635492C187D3B000AAA4D /* ContentView.swift in Sources */,
				3221A8FB2C1AC4A000EB4A41 /* String+Extensions.swift in Sources */,
				323959E82C1C1C1100251A48 /* OrderDetailView.swift in Sources */,
				320635472C187D3B000AAA4D /* CoffeeOrderApp_MV_patternApp.swift in Sources */,
				321E4A342C19B1E9003B6CC2 /* WebService.swift in Sources */,
				321E4A332C19B1E9003B6CC2 /* NumberFormatter+Extensions.swift in Sources */,
				321E4A482C19E2A5003B6CC2 /* AddCoffeeView.swift in Sources */,
				321E4A322C19B1E9003B6CC2 /* OrderCellView.swift in Sources */,
				321E4A372C19CD19003B6CC2 /* AppEnvironment.swift in Sources */,
				321E4A312C19B1E9003B6CC2 /* Order.swift in Sources */,
				321E4A4A2C19E44B003B6CC2 /* View+Extensions.swift in Sources */,
				321E4A302C19B1E9003B6CC2 /* CoffeeModel.swift in Sources */,
			);
			runOnlyForDeploymentPostprocessing = 0;
		};
		321E4A382C19DC8E003B6CC2 /* Sources */ = {
			isa = PBXSourcesBuildPhase;
			buildActionMask = 2147483647;
			files = (
				321E4A3F2C19DC8F003B6CC2 /* CoffeeOrderAppE2ETests.swift in Sources */,
			);
			runOnlyForDeploymentPostprocessing = 0;
		};
/* End PBXSourcesBuildPhase section */

/* Begin PBXTargetDependency section */
		321E4A432C19DC8F003B6CC2 /* PBXTargetDependency */ = {
			isa = PBXTargetDependency;
			target = 320635422C187D3B000AAA4D /* CoffeeOrderApp_MV_pattern */;
			targetProxy = 321E4A422C19DC8F003B6CC2 /* PBXContainerItemProxy */;
		};
/* End PBXTargetDependency section */

/* Begin XCBuildConfiguration section */
		3206354F2C187D3D000AAA4D /* Debug */ = {
			isa = XCBuildConfiguration;
			buildSettings = {
				ALWAYS_SEARCH_USER_PATHS = NO;
				ASSETCATALOG_COMPILER_GENERATE_SWIFT_ASSET_SYMBOL_EXTENSIONS = YES;
				CLANG_ANALYZER_NONNULL = YES;
				CLANG_ANALYZER_NUMBER_OBJECT_CONVERSION = YES_AGGRESSIVE;
				CLANG_CXX_LANGUAGE_STANDARD = "gnu++20";
				CLANG_ENABLE_MODULES = YES;
				CLANG_ENABLE_OBJC_ARC = YES;
				CLANG_ENABLE_OBJC_WEAK = YES;
				CLANG_WARN_BLOCK_CAPTURE_AUTORELEASING = YES;
				CLANG_WARN_BOOL_CONVERSION = YES;
				CLANG_WARN_COMMA = YES;
				CLANG_WARN_CONSTANT_CONVERSION = YES;
				CLANG_WARN_DEPRECATED_OBJC_IMPLEMENTATIONS = YES;
				CLANG_WARN_DIRECT_OBJC_ISA_USAGE = YES_ERROR;
				CLANG_WARN_DOCUMENTATION_COMMENTS = YES;
				CLANG_WARN_EMPTY_BODY = YES;
				CLANG_WARN_ENUM_CONVERSION = YES;
				CLANG_WARN_INFINITE_RECURSION = YES;
				CLANG_WARN_INT_CONVERSION = YES;
				CLANG_WARN_NON_LITERAL_NULL_CONVERSION = YES;
				CLANG_WARN_OBJC_IMPLICIT_RETAIN_SELF = YES;
				CLANG_WARN_OBJC_LITERAL_CONVERSION = YES;
				CLANG_WARN_OBJC_ROOT_CLASS = YES_ERROR;
				CLANG_WARN_QUOTED_INCLUDE_IN_FRAMEWORK_HEADER = YES;
				CLANG_WARN_RANGE_LOOP_ANALYSIS = YES;
				CLANG_WARN_STRICT_PROTOTYPES = YES;
				CLANG_WARN_SUSPICIOUS_MOVE = YES;
				CLANG_WARN_UNGUARDED_AVAILABILITY = YES_AGGRESSIVE;
				CLANG_WARN_UNREACHABLE_CODE = YES;
				CLANG_WARN__DUPLICATE_METHOD_MATCH = YES;
				COPY_PHASE_STRIP = NO;
				DEBUG_INFORMATION_FORMAT = dwarf;
				ENABLE_STRICT_OBJC_MSGSEND = YES;
				ENABLE_TESTABILITY = YES;
				ENABLE_USER_SCRIPT_SANDBOXING = YES;
				GCC_C_LANGUAGE_STANDARD = gnu17;
				GCC_DYNAMIC_NO_PIC = NO;
				GCC_NO_COMMON_BLOCKS = YES;
				GCC_OPTIMIZATION_LEVEL = 0;
				GCC_PREPROCESSOR_DEFINITIONS = (
					"DEBUG=1",
					"$(inherited)",
				);
				GCC_WARN_64_TO_32_BIT_CONVERSION = YES;
				GCC_WARN_ABOUT_RETURN_TYPE = YES_ERROR;
				GCC_WARN_UNDECLARED_SELECTOR = YES;
				GCC_WARN_UNINITIALIZED_AUTOS = YES_AGGRESSIVE;
				GCC_WARN_UNUSED_FUNCTION = YES;
				GCC_WARN_UNUSED_VARIABLE = YES;
				IPHONEOS_DEPLOYMENT_TARGET = 17.0;
				LOCALIZATION_PREFERS_STRING_CATALOGS = YES;
				MTL_ENABLE_DEBUG_INFO = INCLUDE_SOURCE;
				MTL_FAST_MATH = YES;
				ONLY_ACTIVE_ARCH = YES;
				SDKROOT = iphoneos;
				SWIFT_ACTIVE_COMPILATION_CONDITIONS = "DEBUG $(inherited)";
				SWIFT_OPTIMIZATION_LEVEL = "-Onone";
			};
			name = Debug;
		};
		320635502C187D3D000AAA4D /* Release */ = {
			isa = XCBuildConfiguration;
			buildSettings = {
				ALWAYS_SEARCH_USER_PATHS = NO;
				ASSETCATALOG_COMPILER_GENERATE_SWIFT_ASSET_SYMBOL_EXTENSIONS = YES;
				CLANG_ANALYZER_NONNULL = YES;
				CLANG_ANALYZER_NUMBER_OBJECT_CONVERSION = YES_AGGRESSIVE;
				CLANG_CXX_LANGUAGE_STANDARD = "gnu++20";
				CLANG_ENABLE_MODULES = YES;
				CLANG_ENABLE_OBJC_ARC = YES;
				CLANG_ENABLE_OBJC_WEAK = YES;
				CLANG_WARN_BLOCK_CAPTURE_AUTORELEASING = YES;
				CLANG_WARN_BOOL_CONVERSION = YES;
				CLANG_WARN_COMMA = YES;
				CLANG_WARN_CONSTANT_CONVERSION = YES;
				CLANG_WARN_DEPRECATED_OBJC_IMPLEMENTATIONS = YES;
				CLANG_WARN_DIRECT_OBJC_ISA_USAGE = YES_ERROR;
				CLANG_WARN_DOCUMENTATION_COMMENTS = YES;
				CLANG_WARN_EMPTY_BODY = YES;
				CLANG_WARN_ENUM_CONVERSION = YES;
				CLANG_WARN_INFINITE_RECURSION = YES;
				CLANG_WARN_INT_CONVERSION = YES;
				CLANG_WARN_NON_LITERAL_NULL_CONVERSION = YES;
				CLANG_WARN_OBJC_IMPLICIT_RETAIN_SELF = YES;
				CLANG_WARN_OBJC_LITERAL_CONVERSION = YES;
				CLANG_WARN_OBJC_ROOT_CLASS = YES_ERROR;
				CLANG_WARN_QUOTED_INCLUDE_IN_FRAMEWORK_HEADER = YES;
				CLANG_WARN_RANGE_LOOP_ANALYSIS = YES;
				CLANG_WARN_STRICT_PROTOTYPES = YES;
				CLANG_WARN_SUSPICIOUS_MOVE = YES;
				CLANG_WARN_UNGUARDED_AVAILABILITY = YES_AGGRESSIVE;
				CLANG_WARN_UNREACHABLE_CODE = YES;
				CLANG_WARN__DUPLICATE_METHOD_MATCH = YES;
				COPY_PHASE_STRIP = NO;
				DEBUG_INFORMATION_FORMAT = "dwarf-with-dsym";
				ENABLE_NS_ASSERTIONS = NO;
				ENABLE_STRICT_OBJC_MSGSEND = YES;
				ENABLE_USER_SCRIPT_SANDBOXING = YES;
				GCC_C_LANGUAGE_STANDARD = gnu17;
				GCC_NO_COMMON_BLOCKS = YES;
				GCC_WARN_64_TO_32_BIT_CONVERSION = YES;
				GCC_WARN_ABOUT_RETURN_TYPE = YES_ERROR;
				GCC_WARN_UNDECLARED_SELECTOR = YES;
				GCC_WARN_UNINITIALIZED_AUTOS = YES_AGGRESSIVE;
				GCC_WARN_UNUSED_FUNCTION = YES;
				GCC_WARN_UNUSED_VARIABLE = YES;
				IPHONEOS_DEPLOYMENT_TARGET = 17.0;
				LOCALIZATION_PREFERS_STRING_CATALOGS = YES;
				MTL_ENABLE_DEBUG_INFO = NO;
				MTL_FAST_MATH = YES;
				SDKROOT = iphoneos;
				SWIFT_COMPILATION_MODE = wholemodule;
				VALIDATE_PRODUCT = YES;
			};
			name = Release;
		};
		320635522C187D3D000AAA4D /* Debug */ = {
			isa = XCBuildConfiguration;
			buildSettings = {
				ASSETCATALOG_COMPILER_APPICON_NAME = AppIcon;
				ASSETCATALOG_COMPILER_GLOBAL_ACCENT_COLOR_NAME = AccentColor;
				CODE_SIGN_STYLE = Automatic;
				CURRENT_PROJECT_VERSION = 1;
				DEVELOPMENT_ASSET_PATHS = "\"CoffeeOrderApp_MV_pattern/Preview Content\"";
				DEVELOPMENT_TEAM = 9GQZQAD6HM;
				ENABLE_PREVIEWS = YES;
				GENERATE_INFOPLIST_FILE = YES;
				INFOPLIST_KEY_UIApplicationSceneManifest_Generation = YES;
				INFOPLIST_KEY_UIApplicationSupportsIndirectInputEvents = YES;
				INFOPLIST_KEY_UILaunchScreen_Generation = YES;
				INFOPLIST_KEY_UISupportedInterfaceOrientations_iPad = "UIInterfaceOrientationPortrait UIInterfaceOrientationPortraitUpsideDown UIInterfaceOrientationLandscapeLeft UIInterfaceOrientationLandscapeRight";
				INFOPLIST_KEY_UISupportedInterfaceOrientations_iPhone = "UIInterfaceOrientationPortrait UIInterfaceOrientationLandscapeLeft UIInterfaceOrientationLandscapeRight";
				LD_RUNPATH_SEARCH_PATHS = (
					"$(inherited)",
					"@executable_path/Frameworks",
				);
				MARKETING_VERSION = 1.0;
				PRODUCT_BUNDLE_IDENTIFIER = "com.KhanBrothers.CoffeeOrderApp-MV-pattern";
				PRODUCT_NAME = "$(TARGET_NAME)";
				SWIFT_EMIT_LOC_STRINGS = YES;
				SWIFT_VERSION = 5.0;
				TARGETED_DEVICE_FAMILY = "1,2";
			};
			name = Debug;
		};
		320635532C187D3D000AAA4D /* Release */ = {
			isa = XCBuildConfiguration;
			buildSettings = {
				ASSETCATALOG_COMPILER_APPICON_NAME = AppIcon;
				ASSETCATALOG_COMPILER_GLOBAL_ACCENT_COLOR_NAME = AccentColor;
				CODE_SIGN_STYLE = Automatic;
				CURRENT_PROJECT_VERSION = 1;
				DEVELOPMENT_ASSET_PATHS = "\"CoffeeOrderApp_MV_pattern/Preview Content\"";
				DEVELOPMENT_TEAM = 9GQZQAD6HM;
				ENABLE_PREVIEWS = YES;
				GENERATE_INFOPLIST_FILE = YES;
				INFOPLIST_KEY_UIApplicationSceneManifest_Generation = YES;
				INFOPLIST_KEY_UIApplicationSupportsIndirectInputEvents = YES;
				INFOPLIST_KEY_UILaunchScreen_Generation = YES;
				INFOPLIST_KEY_UISupportedInterfaceOrientations_iPad = "UIInterfaceOrientationPortrait UIInterfaceOrientationPortraitUpsideDown UIInterfaceOrientationLandscapeLeft UIInterfaceOrientationLandscapeRight";
				INFOPLIST_KEY_UISupportedInterfaceOrientations_iPhone = "UIInterfaceOrientationPortrait UIInterfaceOrientationLandscapeLeft UIInterfaceOrientationLandscapeRight";
				LD_RUNPATH_SEARCH_PATHS = (
					"$(inherited)",
					"@executable_path/Frameworks",
				);
				MARKETING_VERSION = 1.0;
				PRODUCT_BUNDLE_IDENTIFIER = "com.KhanBrothers.CoffeeOrderApp-MV-pattern";
				PRODUCT_NAME = "$(TARGET_NAME)";
				SWIFT_EMIT_LOC_STRINGS = YES;
				SWIFT_VERSION = 5.0;
				TARGETED_DEVICE_FAMILY = "1,2";
			};
			name = Release;
		};
		321E4A452C19DC8F003B6CC2 /* Debug */ = {
			isa = XCBuildConfiguration;
			buildSettings = {
				CODE_SIGN_STYLE = Automatic;
				CURRENT_PROJECT_VERSION = 1;
				DEVELOPMENT_TEAM = 9GQZQAD6HM;
				GENERATE_INFOPLIST_FILE = YES;
				MARKETING_VERSION = 1.0;
				PRODUCT_BUNDLE_IDENTIFIER = com.KhanBrothers.CoffeeOrderAppE2ETests;
				PRODUCT_NAME = "$(TARGET_NAME)";
				SWIFT_EMIT_LOC_STRINGS = NO;
				SWIFT_VERSION = 5.0;
				TARGETED_DEVICE_FAMILY = "1,2";
				TEST_TARGET_NAME = CoffeeOrderApp_MV_pattern;
			};
			name = Debug;
		};
		321E4A462C19DC8F003B6CC2 /* Release */ = {
			isa = XCBuildConfiguration;
			buildSettings = {
				CODE_SIGN_STYLE = Automatic;
				CURRENT_PROJECT_VERSION = 1;
				DEVELOPMENT_TEAM = 9GQZQAD6HM;
				GENERATE_INFOPLIST_FILE = YES;
				MARKETING_VERSION = 1.0;
				PRODUCT_BUNDLE_IDENTIFIER = com.KhanBrothers.CoffeeOrderAppE2ETests;
				PRODUCT_NAME = "$(TARGET_NAME)";
				SWIFT_EMIT_LOC_STRINGS = NO;
				SWIFT_VERSION = 5.0;
				TARGETED_DEVICE_FAMILY = "1,2";
				TEST_TARGET_NAME = CoffeeOrderApp_MV_pattern;
			};
			name = Release;
		};
/* End XCBuildConfiguration section */

/* Begin XCConfigurationList section */
		3206353E2C187D3B000AAA4D /* Build configuration list for PBXProject "CoffeeOrderApp_MV_pattern" */ = {
			isa = XCConfigurationList;
			buildConfigurations = (
				3206354F2C187D3D000AAA4D /* Debug */,
				320635502C187D3D000AAA4D /* Release */,
			);
			defaultConfigurationIsVisible = 0;
			defaultConfigurationName = Release;
		};
		320635512C187D3D000AAA4D /* Build configuration list for PBXNativeTarget "CoffeeOrderApp_MV_pattern" */ = {
			isa = XCConfigurationList;
			buildConfigurations = (
				320635522C187D3D000AAA4D /* Debug */,
				320635532C187D3D000AAA4D /* Release */,
			);
			defaultConfigurationIsVisible = 0;
			defaultConfigurationName = Release;
		};
		321E4A442C19DC8F003B6CC2 /* Build configuration list for PBXNativeTarget "CoffeeOrderAppE2ETests" */ = {
			isa = XCConfigurationList;
			buildConfigurations = (
				321E4A452C19DC8F003B6CC2 /* Debug */,
				321E4A462C19DC8F003B6CC2 /* Release */,
			);
			defaultConfigurationIsVisible = 0;
			defaultConfigurationName = Release;
		};
/* End XCConfigurationList section */
	};
	rootObject = 3206353B2C187D3B000AAA4D /* Project object */;
}
