// !$*UTF8*$!
{
	archiveVersion = 1;
	classes = {
	};
	objectVersion = 56;
	objects = {

/* Begin PBXBuildFile section */
		32300E992C00BC1E00C5E379 /* OTPContentView.swift in Sources */ = {isa = PBXBuildFile; fileRef = 32300E982C00BC1E00C5E379 /* OTPContentView.swift */; };
		32A154192BFF7C000095B49C /* SignupForm_POCApp.swift in Sources */ = {isa = PBXBuildFile; fileRef = 32A154182BFF7C000095B49C /* SignupForm_POCApp.swift */; };
		32A1541B2BFF7C000095B49C /* SignupContentView.swift in Sources */ = {isa = PBXBuildFile; fileRef = 32A1541A2BFF7C000095B49C /* SignupContentView.swift */; };
		32A1541D2BFF7C020095B49C /* Assets.xcassets in Resources */ = {isa = PBXBuildFile; fileRef = 32A1541C2BFF7C020095B49C /* Assets.xcassets */; };
		32A154202BFF7C020095B49C /* Preview Assets.xcassets in Resources */ = {isa = PBXBuildFile; fileRef = 32A1541F2BFF7C020095B49C /* Preview Assets.xcassets */; };
		32A154282BFF86750095B49C /* String+Extensions.swift in Sources */ = {isa = PBXBuildFile; fileRef = 32A154272BFF86750095B49C /* String+Extensions.swift */; };
		32A1542B2BFF874B0095B49C /* SignupState.swift in Sources */ = {isa = PBXBuildFile; fileRef = 32A1542A2BFF874B0095B49C /* SignupState.swift */; };
		32AD64BB2BFF8F120036CDF1 /* CountryPickerView in Frameworks */ = {isa = PBXBuildFile; productRef = 32AD64BA2BFF8F120036CDF1 /* CountryPickerView */; };
		32AD64BE2BFF8F2C0036CDF1 /* CountryPickerViewWrapper.swift in Sources */ = {isa = PBXBuildFile; fileRef = 32AD64BD2BFF8F2C0036CDF1 /* CountryPickerViewWrapper.swift */; };
		32AD64C12C0063490036CDF1 /* APIEndpoint.swift in Sources */ = {isa = PBXBuildFile; fileRef = 32AD64C02C0063490036CDF1 /* APIEndpoint.swift */; };
		32AD64C32C0066A60036CDF1 /* SignupHttpClient.swift in Sources */ = {isa = PBXBuildFile; fileRef = 32AD64C22C0066A60036CDF1 /* SignupHttpClient.swift */; };
		32AD64C62C0067FE0036CDF1 /* SignupUserCreated.swift in Sources */ = {isa = PBXBuildFile; fileRef = 32AD64C52C0067FE0036CDF1 /* SignupUserCreated.swift */; };
		32AD64C92C0092780036CDF1 /* Localizable.strings in Resources */ = {isa = PBXBuildFile; fileRef = 32AD64C82C0092780036CDF1 /* Localizable.strings */; };
		32AD64CC2C0092FA0036CDF1 /* LocalizedAppStrings.swift in Sources */ = {isa = PBXBuildFile; fileRef = 32AD64CB2C0092FA0036CDF1 /* LocalizedAppStrings.swift */; };
/* End PBXBuildFile section */

/* Begin PBXFileReference section */
		32300E982C00BC1E00C5E379 /* OTPContentView.swift */ = {isa = PBXFileReference; lastKnownFileType = sourcecode.swift; path = OTPContentView.swift; sourceTree = "<group>"; };
		32A154152BFF7C000095B49C /* SignupForm_POC.app */ = {isa = PBXFileReference; explicitFileType = wrapper.application; includeInIndex = 0; path = SignupForm_POC.app; sourceTree = BUILT_PRODUCTS_DIR; };
		32A154182BFF7C000095B49C /* SignupForm_POCApp.swift */ = {isa = PBXFileReference; lastKnownFileType = sourcecode.swift; path = SignupForm_POCApp.swift; sourceTree = "<group>"; };
		32A1541A2BFF7C000095B49C /* SignupContentView.swift */ = {isa = PBXFileReference; lastKnownFileType = sourcecode.swift; path = SignupContentView.swift; sourceTree = "<group>"; };
		32A1541C2BFF7C020095B49C /* Assets.xcassets */ = {isa = PBXFileReference; lastKnownFileType = folder.assetcatalog; path = Assets.xcassets; sourceTree = "<group>"; };
		32A1541F2BFF7C020095B49C /* Preview Assets.xcassets */ = {isa = PBXFileReference; lastKnownFileType = folder.assetcatalog; path = "Preview Assets.xcassets"; sourceTree = "<group>"; };
		32A154272BFF86750095B49C /* String+Extensions.swift */ = {isa = PBXFileReference; lastKnownFileType = sourcecode.swift; path = "String+Extensions.swift"; sourceTree = "<group>"; };
		32A1542A2BFF874B0095B49C /* SignupState.swift */ = {isa = PBXFileReference; lastKnownFileType = sourcecode.swift; path = SignupState.swift; sourceTree = "<group>"; };
		32AD64BD2BFF8F2C0036CDF1 /* CountryPickerViewWrapper.swift */ = {isa = PBXFileReference; lastKnownFileType = sourcecode.swift; path = CountryPickerViewWrapper.swift; sourceTree = "<group>"; };
		32AD64C02C0063490036CDF1 /* APIEndpoint.swift */ = {isa = PBXFileReference; lastKnownFileType = sourcecode.swift; path = APIEndpoint.swift; sourceTree = "<group>"; };
		32AD64C22C0066A60036CDF1 /* SignupHttpClient.swift */ = {isa = PBXFileReference; lastKnownFileType = sourcecode.swift; path = SignupHttpClient.swift; sourceTree = "<group>"; };
		32AD64C52C0067FE0036CDF1 /* SignupUserCreated.swift */ = {isa = PBXFileReference; lastKnownFileType = sourcecode.swift; path = SignupUserCreated.swift; sourceTree = "<group>"; };
		32AD64C82C0092780036CDF1 /* Localizable.strings */ = {isa = PBXFileReference; lastKnownFileType = text.plist.strings; path = Localizable.strings; sourceTree = "<group>"; };
		32AD64CB2C0092FA0036CDF1 /* LocalizedAppStrings.swift */ = {isa = PBXFileReference; lastKnownFileType = sourcecode.swift; path = LocalizedAppStrings.swift; sourceTree = "<group>"; };
/* End PBXFileReference section */

/* Begin PBXFrameworksBuildPhase section */
		32A154122BFF7C000095B49C /* Frameworks */ = {
			isa = PBXFrameworksBuildPhase;
			buildActionMask = 2147483647;
			files = (
				32AD64BB2BFF8F120036CDF1 /* CountryPickerView in Frameworks */,
			);
			runOnlyForDeploymentPostprocessing = 0;
		};
/* End PBXFrameworksBuildPhase section */

/* Begin PBXGroup section */
		32A1540C2BFF7C000095B49C = {
			isa = PBXGroup;
			children = (
				32AD64CA2C0092DD0036CDF1 /* Constants */,
				32AD64C72C00924B0036CDF1 /* Support */,
				32AD64C42C0067590036CDF1 /* Models */,
				32AD64BF2C0063190036CDF1 /* HttpClient */,
				32AD64BC2BFF8F1A0036CDF1 /* Dependency */,
				32A154292BFF873D0095B49C /* ViewModel */,
				32A154262BFF86650095B49C /* Extensions */,
				32A154172BFF7C000095B49C /* SignupForm_POC */,
				32A154162BFF7C000095B49C /* Products */,
			);
			sourceTree = "<group>";
		};
		32A154162BFF7C000095B49C /* Products */ = {
			isa = PBXGroup;
			children = (
				32A154152BFF7C000095B49C /* SignupForm_POC.app */,
			);
			name = Products;
			sourceTree = "<group>";
		};
		32A154172BFF7C000095B49C /* SignupForm_POC */ = {
			isa = PBXGroup;
			children = (
				32A154182BFF7C000095B49C /* SignupForm_POCApp.swift */,
				32A1541A2BFF7C000095B49C /* SignupContentView.swift */,
				32300E982C00BC1E00C5E379 /* OTPContentView.swift */,
				32A1541C2BFF7C020095B49C /* Assets.xcassets */,
				32A1541E2BFF7C020095B49C /* Preview Content */,
			);
			path = SignupForm_POC;
			sourceTree = "<group>";
		};
		32A1541E2BFF7C020095B49C /* Preview Content */ = {
			isa = PBXGroup;
			children = (
				32A1541F2BFF7C020095B49C /* Preview Assets.xcassets */,
			);
			path = "Preview Content";
			sourceTree = "<group>";
		};
		32A154262BFF86650095B49C /* Extensions */ = {
			isa = PBXGroup;
			children = (
				32A154272BFF86750095B49C /* String+Extensions.swift */,
			);
			path = Extensions;
			sourceTree = "<group>";
		};
		32A154292BFF873D0095B49C /* ViewModel */ = {
			isa = PBXGroup;
			children = (
				32A1542A2BFF874B0095B49C /* SignupState.swift */,
			);
			path = ViewModel;
			sourceTree = "<group>";
		};
		32AD64BC2BFF8F1A0036CDF1 /* Dependency */ = {
			isa = PBXGroup;
			children = (
				32AD64BD2BFF8F2C0036CDF1 /* CountryPickerViewWrapper.swift */,
			);
			path = Dependency;
			sourceTree = "<group>";
		};
		32AD64BF2C0063190036CDF1 /* HttpClient */ = {
			isa = PBXGroup;
			children = (
				32AD64C02C0063490036CDF1 /* APIEndpoint.swift */,
				32AD64C22C0066A60036CDF1 /* SignupHttpClient.swift */,
			);
			path = HttpClient;
			sourceTree = "<group>";
		};
		32AD64C42C0067590036CDF1 /* Models */ = {
			isa = PBXGroup;
			children = (
				32AD64C52C0067FE0036CDF1 /* SignupUserCreated.swift */,
			);
			path = Models;
			sourceTree = "<group>";
		};
		32AD64C72C00924B0036CDF1 /* Support */ = {
			isa = PBXGroup;
			children = (
				32AD64C82C0092780036CDF1 /* Localizable.strings */,
			);
			path = Support;
			sourceTree = "<group>";
		};
		32AD64CA2C0092DD0036CDF1 /* Constants */ = {
			isa = PBXGroup;
			children = (
				32AD64CB2C0092FA0036CDF1 /* LocalizedAppStrings.swift */,
			);
			path = Constants;
			sourceTree = "<group>";
		};
/* End PBXGroup section */

/* Begin PBXNativeTarget section */
		32A154142BFF7C000095B49C /* SignupForm_POC */ = {
			isa = PBXNativeTarget;
			buildConfigurationList = 32A154232BFF7C020095B49C /* Build configuration list for PBXNativeTarget "SignupForm_POC" */;
			buildPhases = (
				32A154112BFF7C000095B49C /* Sources */,
				32A154122BFF7C000095B49C /* Frameworks */,
				32A154132BFF7C000095B49C /* Resources */,
			);
			buildRules = (
			);
			dependencies = (
			);
			name = SignupForm_POC;
			packageProductDependencies = (
				32AD64BA2BFF8F120036CDF1 /* CountryPickerView */,
			);
			productName = SignupForm_POC;
			productReference = 32A154152BFF7C000095B49C /* SignupForm_POC.app */;
			productType = "com.apple.product-type.application";
		};
/* End PBXNativeTarget section */

/* Begin PBXProject section */
		32A1540D2BFF7C000095B49C /* Project object */ = {
			isa = PBXProject;
			attributes = {
				BuildIndependentTargetsInParallel = 1;
				LastSwiftUpdateCheck = 1500;
				LastUpgradeCheck = 1500;
				TargetAttributes = {
					32A154142BFF7C000095B49C = {
						CreatedOnToolsVersion = 15.0.1;
					};
				};
			};
			buildConfigurationList = 32A154102BFF7C000095B49C /* Build configuration list for PBXProject "SignupForm_POC" */;
			compatibilityVersion = "Xcode 14.0";
			developmentRegion = en;
			hasScannedForEncodings = 0;
			knownRegions = (
				en,
				Base,
			);
			mainGroup = 32A1540C2BFF7C000095B49C;
			packageReferences = (
				32AD64B92BFF8F120036CDF1 /* XCRemoteSwiftPackageReference "CountryPickerView" */,
			);
			productRefGroup = 32A154162BFF7C000095B49C /* Products */;
			projectDirPath = "";
			projectRoot = "";
			targets = (
				32A154142BFF7C000095B49C /* SignupForm_POC */,
			);
		};
/* End PBXProject section */

/* Begin PBXResourcesBuildPhase section */
		32A154132BFF7C000095B49C /* Resources */ = {
			isa = PBXResourcesBuildPhase;
			buildActionMask = 2147483647;
			files = (
				32A154202BFF7C020095B49C /* Preview Assets.xcassets in Resources */,
				32AD64C92C0092780036CDF1 /* Localizable.strings in Resources */,
				32A1541D2BFF7C020095B49C /* Assets.xcassets in Resources */,
			);
			runOnlyForDeploymentPostprocessing = 0;
		};
/* End PBXResourcesBuildPhase section */

/* Begin PBXSourcesBuildPhase section */
		32A154112BFF7C000095B49C /* Sources */ = {
			isa = PBXSourcesBuildPhase;
			buildActionMask = 2147483647;
			files = (
				32A1541B2BFF7C000095B49C /* SignupContentView.swift in Sources */,
				32AD64C12C0063490036CDF1 /* APIEndpoint.swift in Sources */,
				32AD64BE2BFF8F2C0036CDF1 /* CountryPickerViewWrapper.swift in Sources */,
				32A154282BFF86750095B49C /* String+Extensions.swift in Sources */,
				32A154192BFF7C000095B49C /* SignupForm_POCApp.swift in Sources */,
				32AD64C32C0066A60036CDF1 /* SignupHttpClient.swift in Sources */,
				32A1542B2BFF874B0095B49C /* SignupState.swift in Sources */,
				32AD64CC2C0092FA0036CDF1 /* LocalizedAppStrings.swift in Sources */,
				32300E992C00BC1E00C5E379 /* OTPContentView.swift in Sources */,
				32AD64C62C0067FE0036CDF1 /* SignupUserCreated.swift in Sources */,
			);
			runOnlyForDeploymentPostprocessing = 0;
		};
/* End PBXSourcesBuildPhase section */

/* Begin XCBuildConfiguration section */
		32A154212BFF7C020095B49C /* Debug */ = {
			isa = XCBuildConfiguration;
			buildSettings = {
				ALWAYS_SEARCH_USER_PATHS = NO;
				ASSETCATALOG_COMPILER_GENERATE_SWIFT_ASSET_SYMBOL_EXTENSIONS = YES;
				CLANG_ANALYZER_NONNULL = YES;
				CLANG_ANALYZER_NUMBER_OBJECT_CONVERSION = YES_AGGRESSIVE;
				CLANG_CXX_LANGUAGE_STANDARD = "gnu++20";
				CLANG_ENABLE_MODULES = YES;
				CLANG_ENABLE_OBJC_ARC = YES;
				CLANG_ENABLE_OBJC_WEAK = YES;
				CLANG_WARN_BLOCK_CAPTURE_AUTORELEASING = YES;
				CLANG_WARN_BOOL_CONVERSION = YES;
				CLANG_WARN_COMMA = YES;
				CLANG_WARN_CONSTANT_CONVERSION = YES;
				CLANG_WARN_DEPRECATED_OBJC_IMPLEMENTATIONS = YES;
				CLANG_WARN_DIRECT_OBJC_ISA_USAGE = YES_ERROR;
				CLANG_WARN_DOCUMENTATION_COMMENTS = YES;
				CLANG_WARN_EMPTY_BODY = YES;
				CLANG_WARN_ENUM_CONVERSION = YES;
				CLANG_WARN_INFINITE_RECURSION = YES;
				CLANG_WARN_INT_CONVERSION = YES;
				CLANG_WARN_NON_LITERAL_NULL_CONVERSION = YES;
				CLANG_WARN_OBJC_IMPLICIT_RETAIN_SELF = YES;
				CLANG_WARN_OBJC_LITERAL_CONVERSION = YES;
				CLANG_WARN_OBJC_ROOT_CLASS = YES_ERROR;
				CLANG_WARN_QUOTED_INCLUDE_IN_FRAMEWORK_HEADER = YES;
				CLANG_WARN_RANGE_LOOP_ANALYSIS = YES;
				CLANG_WARN_STRICT_PROTOTYPES = YES;
				CLANG_WARN_SUSPICIOUS_MOVE = YES;
				CLANG_WARN_UNGUARDED_AVAILABILITY = YES_AGGRESSIVE;
				CLANG_WARN_UNREACHABLE_CODE = YES;
				CLANG_WARN__DUPLICATE_METHOD_MATCH = YES;
				COPY_PHASE_STRIP = NO;
				DEBUG_INFORMATION_FORMAT = dwarf;
				ENABLE_STRICT_OBJC_MSGSEND = YES;
				ENABLE_TESTABILITY = YES;
				ENABLE_USER_SCRIPT_SANDBOXING = YES;
				GCC_C_LANGUAGE_STANDARD = gnu17;
				GCC_DYNAMIC_NO_PIC = NO;
				GCC_NO_COMMON_BLOCKS = YES;
				GCC_OPTIMIZATION_LEVEL = 0;
				GCC_PREPROCESSOR_DEFINITIONS = (
					"DEBUG=1",
					"$(inherited)",
				);
				GCC_WARN_64_TO_32_BIT_CONVERSION = YES;
				GCC_WARN_ABOUT_RETURN_TYPE = YES_ERROR;
				GCC_WARN_UNDECLARED_SELECTOR = YES;
				GCC_WARN_UNINITIALIZED_AUTOS = YES_AGGRESSIVE;
				GCC_WARN_UNUSED_FUNCTION = YES;
				GCC_WARN_UNUSED_VARIABLE = YES;
				IPHONEOS_DEPLOYMENT_TARGET = 17.0;
				LOCALIZATION_PREFERS_STRING_CATALOGS = YES;
				MTL_ENABLE_DEBUG_INFO = INCLUDE_SOURCE;
				MTL_FAST_MATH = YES;
				ONLY_ACTIVE_ARCH = YES;
				SDKROOT = iphoneos;
				SWIFT_ACTIVE_COMPILATION_CONDITIONS = "DEBUG $(inherited)";
				SWIFT_OPTIMIZATION_LEVEL = "-Onone";
			};
			name = Debug;
		};
		32A154222BFF7C020095B49C /* Release */ = {
			isa = XCBuildConfiguration;
			buildSettings = {
				ALWAYS_SEARCH_USER_PATHS = NO;
				ASSETCATALOG_COMPILER_GENERATE_SWIFT_ASSET_SYMBOL_EXTENSIONS = YES;
				CLANG_ANALYZER_NONNULL = YES;
				CLANG_ANALYZER_NUMBER_OBJECT_CONVERSION = YES_AGGRESSIVE;
				CLANG_CXX_LANGUAGE_STANDARD = "gnu++20";
				CLANG_ENABLE_MODULES = YES;
				CLANG_ENABLE_OBJC_ARC = YES;
				CLANG_ENABLE_OBJC_WEAK = YES;
				CLANG_WARN_BLOCK_CAPTURE_AUTORELEASING = YES;
				CLANG_WARN_BOOL_CONVERSION = YES;
				CLANG_WARN_COMMA = YES;
				CLANG_WARN_CONSTANT_CONVERSION = YES;
				CLANG_WARN_DEPRECATED_OBJC_IMPLEMENTATIONS = YES;
				CLANG_WARN_DIRECT_OBJC_ISA_USAGE = YES_ERROR;
				CLANG_WARN_DOCUMENTATION_COMMENTS = YES;
				CLANG_WARN_EMPTY_BODY = YES;
				CLANG_WARN_ENUM_CONVERSION = YES;
				CLANG_WARN_INFINITE_RECURSION = YES;
				CLANG_WARN_INT_CONVERSION = YES;
				CLANG_WARN_NON_LITERAL_NULL_CONVERSION = YES;
				CLANG_WARN_OBJC_IMPLICIT_RETAIN_SELF = YES;
				CLANG_WARN_OBJC_LITERAL_CONVERSION = YES;
				CLANG_WARN_OBJC_ROOT_CLASS = YES_ERROR;
				CLANG_WARN_QUOTED_INCLUDE_IN_FRAMEWORK_HEADER = YES;
				CLANG_WARN_RANGE_LOOP_ANALYSIS = YES;
				CLANG_WARN_STRICT_PROTOTYPES = YES;
				CLANG_WARN_SUSPICIOUS_MOVE = YES;
				CLANG_WARN_UNGUARDED_AVAILABILITY = YES_AGGRESSIVE;
				CLANG_WARN_UNREACHABLE_CODE = YES;
				CLANG_WARN__DUPLICATE_METHOD_MATCH = YES;
				COPY_PHASE_STRIP = NO;
				DEBUG_INFORMATION_FORMAT = "dwarf-with-dsym";
				ENABLE_NS_ASSERTIONS = NO;
				ENABLE_STRICT_OBJC_MSGSEND = YES;
				ENABLE_USER_SCRIPT_SANDBOXING = YES;
				GCC_C_LANGUAGE_STANDARD = gnu17;
				GCC_NO_COMMON_BLOCKS = YES;
				GCC_WARN_64_TO_32_BIT_CONVERSION = YES;
				GCC_WARN_ABOUT_RETURN_TYPE = YES_ERROR;
				GCC_WARN_UNDECLARED_SELECTOR = YES;
				GCC_WARN_UNINITIALIZED_AUTOS = YES_AGGRESSIVE;
				GCC_WARN_UNUSED_FUNCTION = YES;
				GCC_WARN_UNUSED_VARIABLE = YES;
				IPHONEOS_DEPLOYMENT_TARGET = 17.0;
				LOCALIZATION_PREFERS_STRING_CATALOGS = YES;
				MTL_ENABLE_DEBUG_INFO = NO;
				MTL_FAST_MATH = YES;
				SDKROOT = iphoneos;
				SWIFT_COMPILATION_MODE = wholemodule;
				VALIDATE_PRODUCT = YES;
			};
			name = Release;
		};
		32A154242BFF7C020095B49C /* Debug */ = {
			isa = XCBuildConfiguration;
			buildSettings = {
				ASSETCATALOG_COMPILER_APPICON_NAME = AppIcon;
				ASSETCATALOG_COMPILER_GLOBAL_ACCENT_COLOR_NAME = AccentColor;
				CODE_SIGN_STYLE = Automatic;
				CURRENT_PROJECT_VERSION = 1;
				DEVELOPMENT_ASSET_PATHS = "\"SignupForm_POC/Preview Content\"";
				DEVELOPMENT_TEAM = 9GQZQAD6HM;
				ENABLE_PREVIEWS = YES;
				GENERATE_INFOPLIST_FILE = YES;
				INFOPLIST_KEY_UIApplicationSceneManifest_Generation = YES;
				INFOPLIST_KEY_UIApplicationSupportsIndirectInputEvents = YES;
				INFOPLIST_KEY_UILaunchScreen_Generation = YES;
				INFOPLIST_KEY_UISupportedInterfaceOrientations_iPad = "UIInterfaceOrientationPortrait UIInterfaceOrientationPortraitUpsideDown UIInterfaceOrientationLandscapeLeft UIInterfaceOrientationLandscapeRight";
				INFOPLIST_KEY_UISupportedInterfaceOrientations_iPhone = "UIInterfaceOrientationPortrait UIInterfaceOrientationLandscapeLeft UIInterfaceOrientationLandscapeRight";
				LD_RUNPATH_SEARCH_PATHS = (
					"$(inherited)",
					"@executable_path/Frameworks",
				);
				MARKETING_VERSION = 1.0;
				PRODUCT_BUNDLE_IDENTIFIER = "com.KhanBrothers.SignupForm-POC";
				PRODUCT_NAME = "$(TARGET_NAME)";
				SWIFT_EMIT_LOC_STRINGS = YES;
				SWIFT_VERSION = 5.0;
				TARGETED_DEVICE_FAMILY = "1,2";
			};
			name = Debug;
		};
		32A154252BFF7C020095B49C /* Release */ = {
			isa = XCBuildConfiguration;
			buildSettings = {
				ASSETCATALOG_COMPILER_APPICON_NAME = AppIcon;
				ASSETCATALOG_COMPILER_GLOBAL_ACCENT_COLOR_NAME = AccentColor;
				CODE_SIGN_STYLE = Automatic;
				CURRENT_PROJECT_VERSION = 1;
				DEVELOPMENT_ASSET_PATHS = "\"SignupForm_POC/Preview Content\"";
				DEVELOPMENT_TEAM = 9GQZQAD6HM;
				ENABLE_PREVIEWS = YES;
				GENERATE_INFOPLIST_FILE = YES;
				INFOPLIST_KEY_UIApplicationSceneManifest_Generation = YES;
				INFOPLIST_KEY_UIApplicationSupportsIndirectInputEvents = YES;
				INFOPLIST_KEY_UILaunchScreen_Generation = YES;
				INFOPLIST_KEY_UISupportedInterfaceOrientations_iPad = "UIInterfaceOrientationPortrait UIInterfaceOrientationPortraitUpsideDown UIInterfaceOrientationLandscapeLeft UIInterfaceOrientationLandscapeRight";
				INFOPLIST_KEY_UISupportedInterfaceOrientations_iPhone = "UIInterfaceOrientationPortrait UIInterfaceOrientationLandscapeLeft UIInterfaceOrientationLandscapeRight";
				LD_RUNPATH_SEARCH_PATHS = (
					"$(inherited)",
					"@executable_path/Frameworks",
				);
				MARKETING_VERSION = 1.0;
				PRODUCT_BUNDLE_IDENTIFIER = "com.KhanBrothers.SignupForm-POC";
				PRODUCT_NAME = "$(TARGET_NAME)";
				SWIFT_EMIT_LOC_STRINGS = YES;
				SWIFT_VERSION = 5.0;
				TARGETED_DEVICE_FAMILY = "1,2";
			};
			name = Release;
		};
/* End XCBuildConfiguration section */

/* Begin XCConfigurationList section */
		32A154102BFF7C000095B49C /* Build configuration list for PBXProject "SignupForm_POC" */ = {
			isa = XCConfigurationList;
			buildConfigurations = (
				32A154212BFF7C020095B49C /* Debug */,
				32A154222BFF7C020095B49C /* Release */,
			);
			defaultConfigurationIsVisible = 0;
			defaultConfigurationName = Release;
		};
		32A154232BFF7C020095B49C /* Build configuration list for PBXNativeTarget "SignupForm_POC" */ = {
			isa = XCConfigurationList;
			buildConfigurations = (
				32A154242BFF7C020095B49C /* Debug */,
				32A154252BFF7C020095B49C /* Release */,
			);
			defaultConfigurationIsVisible = 0;
			defaultConfigurationName = Release;
		};
/* End XCConfigurationList section */

/* Begin XCRemoteSwiftPackageReference section */
		32AD64B92BFF8F120036CDF1 /* XCRemoteSwiftPackageReference "CountryPickerView" */ = {
			isa = XCRemoteSwiftPackageReference;
			repositoryURL = "https://github.com/kizitonwose/CountryPickerView";
			requirement = {
				kind = upToNextMajorVersion;
				minimumVersion = 3.3.0;
			};
		};
/* End XCRemoteSwiftPackageReference section */

/* Begin XCSwiftPackageProductDependency section */
		32AD64BA2BFF8F120036CDF1 /* CountryPickerView */ = {
			isa = XCSwiftPackageProductDependency;
			package = 32AD64B92BFF8F120036CDF1 /* XCRemoteSwiftPackageReference "CountryPickerView" */;
			productName = CountryPickerView;
		};
/* End XCSwiftPackageProductDependency section */
	};
	rootObject = 32A1540D2BFF7C000095B49C /* Project object */;
}
