// !$*UTF8*$!
{
	archiveVersion = 1;
	classes = {
	};
	objectVersion = 56;
	objects = {

/* Begin PBXBuildFile section */
		32E4CCA32C29620D00DA547B /* BudgetApp_CoreDataApp.swift in Sources */ = {isa = PBXBuildFile; fileRef = 32E4CCA22C29620D00DA547B /* BudgetApp_CoreDataApp.swift */; };
		32E4CCA52C29620D00DA547B /* ContentView.swift in Sources */ = {isa = PBXBuildFile; fileRef = 32E4CCA42C29620D00DA547B /* ContentView.swift */; };
		32E4CCA72C29620E00DA547B /* Assets.xcassets in Resources */ = {isa = PBXBuildFile; fileRef = 32E4CCA62C29620E00DA547B /* Assets.xcassets */; };
		32E4CCAA2C29620E00DA547B /* Preview Assets.xcassets in Resources */ = {isa = PBXBuildFile; fileRef = 32E4CCA92C29620E00DA547B /* Preview Assets.xcassets */; };
		32E4CCB22C29639700DA547B /* BudgetModel.xcdatamodeld in Sources */ = {isa = PBXBuildFile; fileRef = 32E4CCB02C29639700DA547B /* BudgetModel.xcdatamodeld */; };
		32E4CCB72C29661100DA547B /* BudgetCategory+CoreDataClass.swift in Sources */ = {isa = PBXBuildFile; fileRef = 32E4CCB62C29661100DA547B /* BudgetCategory+CoreDataClass.swift */; };
		32E4CCBB2C29667800DA547B /* NumberFormatter+Extensions.swift in Sources */ = {isa = PBXBuildFile; fileRef = 32E4CCBA2C29667800DA547B /* NumberFormatter+Extensions.swift */; };
		32E4CCBD2C2966DB00DA547B /* CoreDataManager.swift in Sources */ = {isa = PBXBuildFile; fileRef = 32E4CCBC2C2966DB00DA547B /* CoreDataManager.swift */; };
		32E4CCC02C29670000DA547B /* AddBudgetCategoryView.swift in Sources */ = {isa = PBXBuildFile; fileRef = 32E4CCBF2C29670000DA547B /* AddBudgetCategoryView.swift */; };
/* End PBXBuildFile section */

/* Begin PBXFileReference section */
		32E4CC9F2C29620D00DA547B /* BudgetApp_CoreData.app */ = {isa = PBXFileReference; explicitFileType = wrapper.application; includeInIndex = 0; path = BudgetApp_CoreData.app; sourceTree = BUILT_PRODUCTS_DIR; };
		32E4CCA22C29620D00DA547B /* BudgetApp_CoreDataApp.swift */ = {isa = PBXFileReference; lastKnownFileType = sourcecode.swift; path = BudgetApp_CoreDataApp.swift; sourceTree = "<group>"; };
		32E4CCA42C29620D00DA547B /* ContentView.swift */ = {isa = PBXFileReference; lastKnownFileType = sourcecode.swift; path = ContentView.swift; sourceTree = "<group>"; };
		32E4CCA62C29620E00DA547B /* Assets.xcassets */ = {isa = PBXFileReference; lastKnownFileType = folder.assetcatalog; path = Assets.xcassets; sourceTree = "<group>"; };
		32E4CCA92C29620E00DA547B /* Preview Assets.xcassets */ = {isa = PBXFileReference; lastKnownFileType = folder.assetcatalog; path = "Preview Assets.xcassets"; sourceTree = "<group>"; };
		32E4CCB12C29639700DA547B /* BudgetModel.xcdatamodel */ = {isa = PBXFileReference; lastKnownFileType = wrapper.xcdatamodel; path = BudgetModel.xcdatamodel; sourceTree = "<group>"; };
		32E4CCB62C29661100DA547B /* BudgetCategory+CoreDataClass.swift */ = {isa = PBXFileReference; lastKnownFileType = sourcecode.swift; path = "BudgetCategory+CoreDataClass.swift"; sourceTree = "<group>"; };
		32E4CCBA2C29667800DA547B /* NumberFormatter+Extensions.swift */ = {isa = PBXFileReference; lastKnownFileType = sourcecode.swift; path = "NumberFormatter+Extensions.swift"; sourceTree = "<group>"; };
		32E4CCBC2C2966DB00DA547B /* CoreDataManager.swift */ = {isa = PBXFileReference; lastKnownFileType = sourcecode.swift; path = CoreDataManager.swift; sourceTree = "<group>"; };
		32E4CCBF2C29670000DA547B /* AddBudgetCategoryView.swift */ = {isa = PBXFileReference; lastKnownFileType = sourcecode.swift; path = AddBudgetCategoryView.swift; sourceTree = "<group>"; };
/* End PBXFileReference section */

/* Begin PBXFrameworksBuildPhase section */
		32E4CC9C2C29620D00DA547B /* Frameworks */ = {
			isa = PBXFrameworksBuildPhase;
			buildActionMask = 2147483647;
			files = (
			);
			runOnlyForDeploymentPostprocessing = 0;
		};
/* End PBXFrameworksBuildPhase section */

/* Begin PBXGroup section */
		32E4CC962C29620D00DA547B = {
			isa = PBXGroup;
			children = (
				32E4CCA12C29620D00DA547B /* BudgetApp_CoreData */,
				32E4CCA02C29620D00DA547B /* Products */,
			);
			sourceTree = "<group>";
		};
		32E4CCA02C29620D00DA547B /* Products */ = {
			isa = PBXGroup;
			children = (
				32E4CC9F2C29620D00DA547B /* BudgetApp_CoreData.app */,
			);
			name = Products;
			sourceTree = "<group>";
		};
		32E4CCA12C29620D00DA547B /* BudgetApp_CoreData */ = {
			isa = PBXGroup;
			children = (
				32E4CCBE2C2966F600DA547B /* Views */,
				32E4CCB92C29666900DA547B /* Extensions */,
				32E4CCB82C29663900DA547B /* Managers */,
				32E4CCB42C2965B100DA547B /* Models */,
				32E4CCA22C29620D00DA547B /* BudgetApp_CoreDataApp.swift */,
				32E4CCA42C29620D00DA547B /* ContentView.swift */,
				32E4CCA62C29620E00DA547B /* Assets.xcassets */,
				32E4CCA82C29620E00DA547B /* Preview Content */,
				32E4CCB02C29639700DA547B /* BudgetModel.xcdatamodeld */,
			);
			path = BudgetApp_CoreData;
			sourceTree = "<group>";
		};
		32E4CCA82C29620E00DA547B /* Preview Content */ = {
			isa = PBXGroup;
			children = (
				32E4CCA92C29620E00DA547B /* Preview Assets.xcassets */,
			);
			path = "Preview Content";
			sourceTree = "<group>";
		};
		32E4CCB42C2965B100DA547B /* Models */ = {
			isa = PBXGroup;
			children = (
				32E4CCB62C29661100DA547B /* BudgetCategory+CoreDataClass.swift */,
			);
			path = Models;
			sourceTree = "<group>";
		};
		32E4CCB82C29663900DA547B /* Managers */ = {
			isa = PBXGroup;
			children = (
				32E4CCBC2C2966DB00DA547B /* CoreDataManager.swift */,
			);
			path = Managers;
			sourceTree = "<group>";
		};
		32E4CCB92C29666900DA547B /* Extensions */ = {
			isa = PBXGroup;
			children = (
				32E4CCBA2C29667800DA547B /* NumberFormatter+Extensions.swift */,
			);
			path = Extensions;
			sourceTree = "<group>";
		};
		32E4CCBE2C2966F600DA547B /* Views */ = {
			isa = PBXGroup;
			children = (
				32E4CCBF2C29670000DA547B /* AddBudgetCategoryView.swift */,
			);
			path = Views;
			sourceTree = "<group>";
		};
/* End PBXGroup section */

/* Begin PBXNativeTarget section */
		32E4CC9E2C29620D00DA547B /* BudgetApp_CoreData */ = {
			isa = PBXNativeTarget;
			buildConfigurationList = 32E4CCAD2C29620E00DA547B /* Build configuration list for PBXNativeTarget "BudgetApp_CoreData" */;
			buildPhases = (
				32E4CC9B2C29620D00DA547B /* Sources */,
				32E4CC9C2C29620D00DA547B /* Frameworks */,
				32E4CC9D2C29620D00DA547B /* Resources */,
			);
			buildRules = (
			);
			dependencies = (
			);
			name = BudgetApp_CoreData;
			productName = BudgetApp_CoreData;
			productReference = 32E4CC9F2C29620D00DA547B /* BudgetApp_CoreData.app */;
			productType = "com.apple.product-type.application";
		};
/* End PBXNativeTarget section */

/* Begin PBXProject section */
		32E4CC972C29620D00DA547B /* Project object */ = {
			isa = PBXProject;
			attributes = {
				BuildIndependentTargetsInParallel = 1;
				LastSwiftUpdateCheck = 1500;
				LastUpgradeCheck = 1500;
				TargetAttributes = {
					32E4CC9E2C29620D00DA547B = {
						CreatedOnToolsVersion = 15.0.1;
					};
				};
			};
			buildConfigurationList = 32E4CC9A2C29620D00DA547B /* Build configuration list for PBXProject "BudgetApp_CoreData" */;
			compatibilityVersion = "Xcode 14.0";
			developmentRegion = en;
			hasScannedForEncodings = 0;
			knownRegions = (
				en,
				Base,
			);
			mainGroup = 32E4CC962C29620D00DA547B;
			productRefGroup = 32E4CCA02C29620D00DA547B /* Products */;
			projectDirPath = "";
			projectRoot = "";
			targets = (
				32E4CC9E2C29620D00DA547B /* BudgetApp_CoreData */,
			);
		};
/* End PBXProject section */

/* Begin PBXResourcesBuildPhase section */
		32E4CC9D2C29620D00DA547B /* Resources */ = {
			isa = PBXResourcesBuildPhase;
			buildActionMask = 2147483647;
			files = (
				32E4CCAA2C29620E00DA547B /* Preview Assets.xcassets in Resources */,
				32E4CCA72C29620E00DA547B /* Assets.xcassets in Resources */,
			);
			runOnlyForDeploymentPostprocessing = 0;
		};
/* End PBXResourcesBuildPhase section */

/* Begin PBXSourcesBuildPhase section */
		32E4CC9B2C29620D00DA547B /* Sources */ = {
			isa = PBXSourcesBuildPhase;
			buildActionMask = 2147483647;
			files = (
				32E4CCBD2C2966DB00DA547B /* CoreDataManager.swift in Sources */,
				32E4CCA52C29620D00DA547B /* ContentView.swift in Sources */,
				32E4CCC02C29670000DA547B /* AddBudgetCategoryView.swift in Sources */,
				32E4CCA32C29620D00DA547B /* BudgetApp_CoreDataApp.swift in Sources */,
				32E4CCBB2C29667800DA547B /* NumberFormatter+Extensions.swift in Sources */,
				32E4CCB72C29661100DA547B /* BudgetCategory+CoreDataClass.swift in Sources */,
				32E4CCB22C29639700DA547B /* BudgetModel.xcdatamodeld in Sources */,
			);
			runOnlyForDeploymentPostprocessing = 0;
		};
/* End PBXSourcesBuildPhase section */

/* Begin XCBuildConfiguration section */
		32E4CCAB2C29620E00DA547B /* Debug */ = {
			isa = XCBuildConfiguration;
			buildSettings = {
				ALWAYS_SEARCH_USER_PATHS = NO;
				ASSETCATALOG_COMPILER_GENERATE_SWIFT_ASSET_SYMBOL_EXTENSIONS = YES;
				CLANG_ANALYZER_NONNULL = YES;
				CLANG_ANALYZER_NUMBER_OBJECT_CONVERSION = YES_AGGRESSIVE;
				CLANG_CXX_LANGUAGE_STANDARD = "gnu++20";
				CLANG_ENABLE_MODULES = YES;
				CLANG_ENABLE_OBJC_ARC = YES;
				CLANG_ENABLE_OBJC_WEAK = YES;
				CLANG_WARN_BLOCK_CAPTURE_AUTORELEASING = YES;
				CLANG_WARN_BOOL_CONVERSION = YES;
				CLANG_WARN_COMMA = YES;
				CLANG_WARN_CONSTANT_CONVERSION = YES;
				CLANG_WARN_DEPRECATED_OBJC_IMPLEMENTATIONS = YES;
				CLANG_WARN_DIRECT_OBJC_ISA_USAGE = YES_ERROR;
				CLANG_WARN_DOCUMENTATION_COMMENTS = YES;
				CLANG_WARN_EMPTY_BODY = YES;
				CLANG_WARN_ENUM_CONVERSION = YES;
				CLANG_WARN_INFINITE_RECURSION = YES;
				CLANG_WARN_INT_CONVERSION = YES;
				CLANG_WARN_NON_LITERAL_NULL_CONVERSION = YES;
				CLANG_WARN_OBJC_IMPLICIT_RETAIN_SELF = YES;
				CLANG_WARN_OBJC_LITERAL_CONVERSION = YES;
				CLANG_WARN_OBJC_ROOT_CLASS = YES_ERROR;
				CLANG_WARN_QUOTED_INCLUDE_IN_FRAMEWORK_HEADER = YES;
				CLANG_WARN_RANGE_LOOP_ANALYSIS = YES;
				CLANG_WARN_STRICT_PROTOTYPES = YES;
				CLANG_WARN_SUSPICIOUS_MOVE = YES;
				CLANG_WARN_UNGUARDED_AVAILABILITY = YES_AGGRESSIVE;
				CLANG_WARN_UNREACHABLE_CODE = YES;
				CLANG_WARN__DUPLICATE_METHOD_MATCH = YES;
				COPY_PHASE_STRIP = NO;
				DEBUG_INFORMATION_FORMAT = dwarf;
				ENABLE_STRICT_OBJC_MSGSEND = YES;
				ENABLE_TESTABILITY = YES;
				ENABLE_USER_SCRIPT_SANDBOXING = YES;
				GCC_C_LANGUAGE_STANDARD = gnu17;
				GCC_DYNAMIC_NO_PIC = NO;
				GCC_NO_COMMON_BLOCKS = YES;
				GCC_OPTIMIZATION_LEVEL = 0;
				GCC_PREPROCESSOR_DEFINITIONS = (
					"DEBUG=1",
					"$(inherited)",
				);
				GCC_WARN_64_TO_32_BIT_CONVERSION = YES;
				GCC_WARN_ABOUT_RETURN_TYPE = YES_ERROR;
				GCC_WARN_UNDECLARED_SELECTOR = YES;
				GCC_WARN_UNINITIALIZED_AUTOS = YES_AGGRESSIVE;
				GCC_WARN_UNUSED_FUNCTION = YES;
				GCC_WARN_UNUSED_VARIABLE = YES;
				IPHONEOS_DEPLOYMENT_TARGET = 17.0;
				LOCALIZATION_PREFERS_STRING_CATALOGS = YES;
				MTL_ENABLE_DEBUG_INFO = INCLUDE_SOURCE;
				MTL_FAST_MATH = YES;
				ONLY_ACTIVE_ARCH = YES;
				SDKROOT = iphoneos;
				SWIFT_ACTIVE_COMPILATION_CONDITIONS = "DEBUG $(inherited)";
				SWIFT_OPTIMIZATION_LEVEL = "-Onone";
			};
			name = Debug;
		};
		32E4CCAC2C29620E00DA547B /* Release */ = {
			isa = XCBuildConfiguration;
			buildSettings = {
				ALWAYS_SEARCH_USER_PATHS = NO;
				ASSETCATALOG_COMPILER_GENERATE_SWIFT_ASSET_SYMBOL_EXTENSIONS = YES;
				CLANG_ANALYZER_NONNULL = YES;
				CLANG_ANALYZER_NUMBER_OBJECT_CONVERSION = YES_AGGRESSIVE;
				CLANG_CXX_LANGUAGE_STANDARD = "gnu++20";
				CLANG_ENABLE_MODULES = YES;
				CLANG_ENABLE_OBJC_ARC = YES;
				CLANG_ENABLE_OBJC_WEAK = YES;
				CLANG_WARN_BLOCK_CAPTURE_AUTORELEASING = YES;
				CLANG_WARN_BOOL_CONVERSION = YES;
				CLANG_WARN_COMMA = YES;
				CLANG_WARN_CONSTANT_CONVERSION = YES;
				CLANG_WARN_DEPRECATED_OBJC_IMPLEMENTATIONS = YES;
				CLANG_WARN_DIRECT_OBJC_ISA_USAGE = YES_ERROR;
				CLANG_WARN_DOCUMENTATION_COMMENTS = YES;
				CLANG_WARN_EMPTY_BODY = YES;
				CLANG_WARN_ENUM_CONVERSION = YES;
				CLANG_WARN_INFINITE_RECURSION = YES;
				CLANG_WARN_INT_CONVERSION = YES;
				CLANG_WARN_NON_LITERAL_NULL_CONVERSION = YES;
				CLANG_WARN_OBJC_IMPLICIT_RETAIN_SELF = YES;
				CLANG_WARN_OBJC_LITERAL_CONVERSION = YES;
				CLANG_WARN_OBJC_ROOT_CLASS = YES_ERROR;
				CLANG_WARN_QUOTED_INCLUDE_IN_FRAMEWORK_HEADER = YES;
				CLANG_WARN_RANGE_LOOP_ANALYSIS = YES;
				CLANG_WARN_STRICT_PROTOTYPES = YES;
				CLANG_WARN_SUSPICIOUS_MOVE = YES;
				CLANG_WARN_UNGUARDED_AVAILABILITY = YES_AGGRESSIVE;
				CLANG_WARN_UNREACHABLE_CODE = YES;
				CLANG_WARN__DUPLICATE_METHOD_MATCH = YES;
				COPY_PHASE_STRIP = NO;
				DEBUG_INFORMATION_FORMAT = "dwarf-with-dsym";
				ENABLE_NS_ASSERTIONS = NO;
				ENABLE_STRICT_OBJC_MSGSEND = YES;
				ENABLE_USER_SCRIPT_SANDBOXING = YES;
				GCC_C_LANGUAGE_STANDARD = gnu17;
				GCC_NO_COMMON_BLOCKS = YES;
				GCC_WARN_64_TO_32_BIT_CONVERSION = YES;
				GCC_WARN_ABOUT_RETURN_TYPE = YES_ERROR;
				GCC_WARN_UNDECLARED_SELECTOR = YES;
				GCC_WARN_UNINITIALIZED_AUTOS = YES_AGGRESSIVE;
				GCC_WARN_UNUSED_FUNCTION = YES;
				GCC_WARN_UNUSED_VARIABLE = YES;
				IPHONEOS_DEPLOYMENT_TARGET = 17.0;
				LOCALIZATION_PREFERS_STRING_CATALOGS = YES;
				MTL_ENABLE_DEBUG_INFO = NO;
				MTL_FAST_MATH = YES;
				SDKROOT = iphoneos;
				SWIFT_COMPILATION_MODE = wholemodule;
				VALIDATE_PRODUCT = YES;
			};
			name = Release;
		};
		32E4CCAE2C29620E00DA547B /* Debug */ = {
			isa = XCBuildConfiguration;
			buildSettings = {
				ASSETCATALOG_COMPILER_APPICON_NAME = AppIcon;
				ASSETCATALOG_COMPILER_GLOBAL_ACCENT_COLOR_NAME = AccentColor;
				CODE_SIGN_STYLE = Automatic;
				CURRENT_PROJECT_VERSION = 1;
				DEVELOPMENT_ASSET_PATHS = "\"BudgetApp_CoreData/Preview Content\"";
				DEVELOPMENT_TEAM = 9GQZQAD6HM;
				ENABLE_PREVIEWS = YES;
				GENERATE_INFOPLIST_FILE = YES;
				INFOPLIST_KEY_UIApplicationSceneManifest_Generation = YES;
				INFOPLIST_KEY_UIApplicationSupportsIndirectInputEvents = YES;
				INFOPLIST_KEY_UILaunchScreen_Generation = YES;
				INFOPLIST_KEY_UISupportedInterfaceOrientations_iPad = "UIInterfaceOrientationPortrait UIInterfaceOrientationPortraitUpsideDown UIInterfaceOrientationLandscapeLeft UIInterfaceOrientationLandscapeRight";
				INFOPLIST_KEY_UISupportedInterfaceOrientations_iPhone = "UIInterfaceOrientationPortrait UIInterfaceOrientationLandscapeLeft UIInterfaceOrientationLandscapeRight";
				LD_RUNPATH_SEARCH_PATHS = (
					"$(inherited)",
					"@executable_path/Frameworks",
				);
				MARKETING_VERSION = 1.0;
				PRODUCT_BUNDLE_IDENTIFIER = "com.KhanBrothers.BudgetApp-CoreData";
				PRODUCT_NAME = "$(TARGET_NAME)";
				SWIFT_EMIT_LOC_STRINGS = YES;
				SWIFT_VERSION = 5.0;
				TARGETED_DEVICE_FAMILY = "1,2";
			};
			name = Debug;
		};
		32E4CCAF2C29620E00DA547B /* Release */ = {
			isa = XCBuildConfiguration;
			buildSettings = {
				ASSETCATALOG_COMPILER_APPICON_NAME = AppIcon;
				ASSETCATALOG_COMPILER_GLOBAL_ACCENT_COLOR_NAME = AccentColor;
				CODE_SIGN_STYLE = Automatic;
				CURRENT_PROJECT_VERSION = 1;
				DEVELOPMENT_ASSET_PATHS = "\"BudgetApp_CoreData/Preview Content\"";
				DEVELOPMENT_TEAM = 9GQZQAD6HM;
				ENABLE_PREVIEWS = YES;
				GENERATE_INFOPLIST_FILE = YES;
				INFOPLIST_KEY_UIApplicationSceneManifest_Generation = YES;
				INFOPLIST_KEY_UIApplicationSupportsIndirectInputEvents = YES;
				INFOPLIST_KEY_UILaunchScreen_Generation = YES;
				INFOPLIST_KEY_UISupportedInterfaceOrientations_iPad = "UIInterfaceOrientationPortrait UIInterfaceOrientationPortraitUpsideDown UIInterfaceOrientationLandscapeLeft UIInterfaceOrientationLandscapeRight";
				INFOPLIST_KEY_UISupportedInterfaceOrientations_iPhone = "UIInterfaceOrientationPortrait UIInterfaceOrientationLandscapeLeft UIInterfaceOrientationLandscapeRight";
				LD_RUNPATH_SEARCH_PATHS = (
					"$(inherited)",
					"@executable_path/Frameworks",
				);
				MARKETING_VERSION = 1.0;
				PRODUCT_BUNDLE_IDENTIFIER = "com.KhanBrothers.BudgetApp-CoreData";
				PRODUCT_NAME = "$(TARGET_NAME)";
				SWIFT_EMIT_LOC_STRINGS = YES;
				SWIFT_VERSION = 5.0;
				TARGETED_DEVICE_FAMILY = "1,2";
			};
			name = Release;
		};
/* End XCBuildConfiguration section */

/* Begin XCConfigurationList section */
		32E4CC9A2C29620D00DA547B /* Build configuration list for PBXProject "BudgetApp_CoreData" */ = {
			isa = XCConfigurationList;
			buildConfigurations = (
				32E4CCAB2C29620E00DA547B /* Debug */,
				32E4CCAC2C29620E00DA547B /* Release */,
			);
			defaultConfigurationIsVisible = 0;
			defaultConfigurationName = Release;
		};
		32E4CCAD2C29620E00DA547B /* Build configuration list for PBXNativeTarget "BudgetApp_CoreData" */ = {
			isa = XCConfigurationList;
			buildConfigurations = (
				32E4CCAE2C29620E00DA547B /* Debug */,
				32E4CCAF2C29620E00DA547B /* Release */,
			);
			defaultConfigurationIsVisible = 0;
			defaultConfigurationName = Release;
		};
/* End XCConfigurationList section */

/* Begin XCVersionGroup section */
		32E4CCB02C29639700DA547B /* BudgetModel.xcdatamodeld */ = {
			isa = XCVersionGroup;
			children = (
				32E4CCB12C29639700DA547B /* BudgetModel.xcdatamodel */,
			);
			currentVersion = 32E4CCB12C29639700DA547B /* BudgetModel.xcdatamodel */;
			path = BudgetModel.xcdatamodeld;
			sourceTree = "<group>";
			versionGroupType = wrapper.xcdatamodel;
		};
/* End XCVersionGroup section */
	};
	rootObject = 32E4CC972C29620D00DA547B /* Project object */;
}
