// !$*UTF8*$!
{
	archiveVersion = 1;
	classes = {
	};
	objectVersion = 56;
	objects = {

/* Begin PBXBuildFile section */
		322256E42BF3355300AA6B5D /* WeatherAppApp.swift in Sources */ = {isa = PBXBuildFile; fileRef = 322256E32BF3355300AA6B5D /* WeatherAppApp.swift */; };
		322256E62BF3355300AA6B5D /* ContentView.swift in Sources */ = {isa = PBXBuildFile; fileRef = 322256E52BF3355300AA6B5D /* ContentView.swift */; };
		322256E82BF3355500AA6B5D /* Assets.xcassets in Resources */ = {isa = PBXBuildFile; fileRef = 322256E72BF3355500AA6B5D /* Assets.xcassets */; };
		322256EB2BF3355500AA6B5D /* Preview Assets.xcassets in Resources */ = {isa = PBXBuildFile; fileRef = 322256EA2BF3355500AA6B5D /* Preview Assets.xcassets */; };
		322256F32BF3461900AA6B5D /* Location.swift in Sources */ = {isa = PBXBuildFile; fileRef = 322256F22BF3461900AA6B5D /* Location.swift */; };
		322256F52BF346AB00AA6B5D /* WeatherResponse.swift in Sources */ = {isa = PBXBuildFile; fileRef = 322256F42BF346AB00AA6B5D /* WeatherResponse.swift */; };
		322256F92BF3487600AA6B5D /* APIEndpoint.swift in Sources */ = {isa = PBXBuildFile; fileRef = 322256F82BF3487600AA6B5D /* APIEndpoint.swift */; };
		322256FB2BF3488A00AA6B5D /* Constants.swift in Sources */ = {isa = PBXBuildFile; fileRef = 322256FA2BF3488A00AA6B5D /* Constants.swift */; };
		322256FD2BF3513E00AA6B5D /* GeoCodingClient.swift in Sources */ = {isa = PBXBuildFile; fileRef = 322256FC2BF3513E00AA6B5D /* GeoCodingClient.swift */; };
		322256FF2BF3564200AA6B5D /* WeatherClient.swift in Sources */ = {isa = PBXBuildFile; fileRef = 322256FE2BF3564200AA6B5D /* WeatherClient.swift */; };
		322257022BF35F6A00AA6B5D /* MeasurementFormatter.swift in Sources */ = {isa = PBXBuildFile; fileRef = 322257012BF35F6A00AA6B5D /* MeasurementFormatter.swift */; };
/* End PBXBuildFile section */

/* Begin PBXFileReference section */
		322256E02BF3355300AA6B5D /* WeatherApp.app */ = {isa = PBXFileReference; explicitFileType = wrapper.application; includeInIndex = 0; path = WeatherApp.app; sourceTree = BUILT_PRODUCTS_DIR; };
		322256E32BF3355300AA6B5D /* WeatherAppApp.swift */ = {isa = PBXFileReference; lastKnownFileType = sourcecode.swift; path = WeatherAppApp.swift; sourceTree = "<group>"; };
		322256E52BF3355300AA6B5D /* ContentView.swift */ = {isa = PBXFileReference; lastKnownFileType = sourcecode.swift; path = ContentView.swift; sourceTree = "<group>"; };
		322256E72BF3355500AA6B5D /* Assets.xcassets */ = {isa = PBXFileReference; lastKnownFileType = folder.assetcatalog; path = Assets.xcassets; sourceTree = "<group>"; };
		322256EA2BF3355500AA6B5D /* Preview Assets.xcassets */ = {isa = PBXFileReference; lastKnownFileType = folder.assetcatalog; path = "Preview Assets.xcassets"; sourceTree = "<group>"; };
		322256F22BF3461900AA6B5D /* Location.swift */ = {isa = PBXFileReference; lastKnownFileType = sourcecode.swift; path = Location.swift; sourceTree = "<group>"; };
		322256F42BF346AB00AA6B5D /* WeatherResponse.swift */ = {isa = PBXFileReference; lastKnownFileType = sourcecode.swift; path = WeatherResponse.swift; sourceTree = "<group>"; };
		322256F82BF3487600AA6B5D /* APIEndpoint.swift */ = {isa = PBXFileReference; lastKnownFileType = sourcecode.swift; path = APIEndpoint.swift; sourceTree = "<group>"; };
		322256FA2BF3488A00AA6B5D /* Constants.swift */ = {isa = PBXFileReference; lastKnownFileType = sourcecode.swift; path = Constants.swift; sourceTree = "<group>"; };
		322256FC2BF3513E00AA6B5D /* GeoCodingClient.swift */ = {isa = PBXFileReference; lastKnownFileType = sourcecode.swift; path = GeoCodingClient.swift; sourceTree = "<group>"; };
		322256FE2BF3564200AA6B5D /* WeatherClient.swift */ = {isa = PBXFileReference; lastKnownFileType = sourcecode.swift; path = WeatherClient.swift; sourceTree = "<group>"; };
		322257012BF35F6A00AA6B5D /* MeasurementFormatter.swift */ = {isa = PBXFileReference; lastKnownFileType = sourcecode.swift; path = MeasurementFormatter.swift; sourceTree = "<group>"; };
/* End PBXFileReference section */

/* Begin PBXFrameworksBuildPhase section */
		322256DD2BF3355300AA6B5D /* Frameworks */ = {
			isa = PBXFrameworksBuildPhase;
			buildActionMask = 2147483647;
			files = (
			);
			runOnlyForDeploymentPostprocessing = 0;
		};
/* End PBXFrameworksBuildPhase section */

/* Begin PBXGroup section */
		322256D72BF3355300AA6B5D = {
			isa = PBXGroup;
			children = (
				322256E22BF3355300AA6B5D /* WeatherApp */,
				322256E12BF3355300AA6B5D /* Products */,
			);
			sourceTree = "<group>";
		};
		322256E12BF3355300AA6B5D /* Products */ = {
			isa = PBXGroup;
			children = (
				322256E02BF3355300AA6B5D /* WeatherApp.app */,
			);
			name = Products;
			sourceTree = "<group>";
		};
		322256E22BF3355300AA6B5D /* WeatherApp */ = {
			isa = PBXGroup;
			children = (
				322257002BF35F5F00AA6B5D /* Extensions */,
				322256F72BF3486500AA6B5D /* Utilities */,
				322256F62BF3485F00AA6B5D /* Client */,
				322256F12BF3460900AA6B5D /* Models */,
				322256E32BF3355300AA6B5D /* WeatherAppApp.swift */,
				322256E52BF3355300AA6B5D /* ContentView.swift */,
				322256E72BF3355500AA6B5D /* Assets.xcassets */,
				322256E92BF3355500AA6B5D /* Preview Content */,
			);
			path = WeatherApp;
			sourceTree = "<group>";
		};
		322256E92BF3355500AA6B5D /* Preview Content */ = {
			isa = PBXGroup;
			children = (
				322256EA2BF3355500AA6B5D /* Preview Assets.xcassets */,
			);
			path = "Preview Content";
			sourceTree = "<group>";
		};
		322256F12BF3460900AA6B5D /* Models */ = {
			isa = PBXGroup;
			children = (
				322256F22BF3461900AA6B5D /* Location.swift */,
				322256F42BF346AB00AA6B5D /* WeatherResponse.swift */,
			);
			path = Models;
			sourceTree = "<group>";
		};
		322256F62BF3485F00AA6B5D /* Client */ = {
			isa = PBXGroup;
			children = (
				322256F82BF3487600AA6B5D /* APIEndpoint.swift */,
				322256FC2BF3513E00AA6B5D /* GeoCodingClient.swift */,
				322256FE2BF3564200AA6B5D /* WeatherClient.swift */,
			);
			path = Client;
			sourceTree = "<group>";
		};
		322256F72BF3486500AA6B5D /* Utilities */ = {
			isa = PBXGroup;
			children = (
				322256FA2BF3488A00AA6B5D /* Constants.swift */,
			);
			path = Utilities;
			sourceTree = "<group>";
		};
		322257002BF35F5F00AA6B5D /* Extensions */ = {
			isa = PBXGroup;
			children = (
				322257012BF35F6A00AA6B5D /* MeasurementFormatter.swift */,
			);
			path = Extensions;
			sourceTree = "<group>";
		};
/* End PBXGroup section */

/* Begin PBXNativeTarget section */
		322256DF2BF3355300AA6B5D /* WeatherApp */ = {
			isa = PBXNativeTarget;
			buildConfigurationList = 322256EE2BF3355500AA6B5D /* Build configuration list for PBXNativeTarget "WeatherApp" */;
			buildPhases = (
				322256DC2BF3355300AA6B5D /* Sources */,
				322256DD2BF3355300AA6B5D /* Frameworks */,
				322256DE2BF3355300AA6B5D /* Resources */,
			);
			buildRules = (
			);
			dependencies = (
			);
			name = WeatherApp;
			productName = WeatherApp;
			productReference = 322256E02BF3355300AA6B5D /* WeatherApp.app */;
			productType = "com.apple.product-type.application";
		};
/* End PBXNativeTarget section */

/* Begin PBXProject section */
		322256D82BF3355300AA6B5D /* Project object */ = {
			isa = PBXProject;
			attributes = {
				BuildIndependentTargetsInParallel = 1;
				LastSwiftUpdateCheck = 1500;
				LastUpgradeCheck = 1500;
				TargetAttributes = {
					322256DF2BF3355300AA6B5D = {
						CreatedOnToolsVersion = 15.0.1;
					};
				};
			};
			buildConfigurationList = 322256DB2BF3355300AA6B5D /* Build configuration list for PBXProject "WeatherApp" */;
			compatibilityVersion = "Xcode 14.0";
			developmentRegion = en;
			hasScannedForEncodings = 0;
			knownRegions = (
				en,
				Base,
			);
			mainGroup = 322256D72BF3355300AA6B5D;
			productRefGroup = 322256E12BF3355300AA6B5D /* Products */;
			projectDirPath = "";
			projectRoot = "";
			targets = (
				322256DF2BF3355300AA6B5D /* WeatherApp */,
			);
		};
/* End PBXProject section */

/* Begin PBXResourcesBuildPhase section */
		322256DE2BF3355300AA6B5D /* Resources */ = {
			isa = PBXResourcesBuildPhase;
			buildActionMask = 2147483647;
			files = (
				322256EB2BF3355500AA6B5D /* Preview Assets.xcassets in Resources */,
				322256E82BF3355500AA6B5D /* Assets.xcassets in Resources */,
			);
			runOnlyForDeploymentPostprocessing = 0;
		};
/* End PBXResourcesBuildPhase section */

/* Begin PBXSourcesBuildPhase section */
		322256DC2BF3355300AA6B5D /* Sources */ = {
			isa = PBXSourcesBuildPhase;
			buildActionMask = 2147483647;
			files = (
				322256E62BF3355300AA6B5D /* ContentView.swift in Sources */,
				322256F32BF3461900AA6B5D /* Location.swift in Sources */,
				322256E42BF3355300AA6B5D /* WeatherAppApp.swift in Sources */,
				322256F52BF346AB00AA6B5D /* WeatherResponse.swift in Sources */,
				322256F92BF3487600AA6B5D /* APIEndpoint.swift in Sources */,
				322256FF2BF3564200AA6B5D /* WeatherClient.swift in Sources */,
				322256FD2BF3513E00AA6B5D /* GeoCodingClient.swift in Sources */,
				322257022BF35F6A00AA6B5D /* MeasurementFormatter.swift in Sources */,
				322256FB2BF3488A00AA6B5D /* Constants.swift in Sources */,
			);
			runOnlyForDeploymentPostprocessing = 0;
		};
/* End PBXSourcesBuildPhase section */

/* Begin XCBuildConfiguration section */
		322256EC2BF3355500AA6B5D /* Debug */ = {
			isa = XCBuildConfiguration;
			buildSettings = {
				ALWAYS_SEARCH_USER_PATHS = NO;
				ASSETCATALOG_COMPILER_GENERATE_SWIFT_ASSET_SYMBOL_EXTENSIONS = YES;
				CLANG_ANALYZER_NONNULL = YES;
				CLANG_ANALYZER_NUMBER_OBJECT_CONVERSION = YES_AGGRESSIVE;
				CLANG_CXX_LANGUAGE_STANDARD = "gnu++20";
				CLANG_ENABLE_MODULES = YES;
				CLANG_ENABLE_OBJC_ARC = YES;
				CLANG_ENABLE_OBJC_WEAK = YES;
				CLANG_WARN_BLOCK_CAPTURE_AUTORELEASING = YES;
				CLANG_WARN_BOOL_CONVERSION = YES;
				CLANG_WARN_COMMA = YES;
				CLANG_WARN_CONSTANT_CONVERSION = YES;
				CLANG_WARN_DEPRECATED_OBJC_IMPLEMENTATIONS = YES;
				CLANG_WARN_DIRECT_OBJC_ISA_USAGE = YES_ERROR;
				CLANG_WARN_DOCUMENTATION_COMMENTS = YES;
				CLANG_WARN_EMPTY_BODY = YES;
				CLANG_WARN_ENUM_CONVERSION = YES;
				CLANG_WARN_INFINITE_RECURSION = YES;
				CLANG_WARN_INT_CONVERSION = YES;
				CLANG_WARN_NON_LITERAL_NULL_CONVERSION = YES;
				CLANG_WARN_OBJC_IMPLICIT_RETAIN_SELF = YES;
				CLANG_WARN_OBJC_LITERAL_CONVERSION = YES;
				CLANG_WARN_OBJC_ROOT_CLASS = YES_ERROR;
				CLANG_WARN_QUOTED_INCLUDE_IN_FRAMEWORK_HEADER = YES;
				CLANG_WARN_RANGE_LOOP_ANALYSIS = YES;
				CLANG_WARN_STRICT_PROTOTYPES = YES;
				CLANG_WARN_SUSPICIOUS_MOVE = YES;
				CLANG_WARN_UNGUARDED_AVAILABILITY = YES_AGGRESSIVE;
				CLANG_WARN_UNREACHABLE_CODE = YES;
				CLANG_WARN__DUPLICATE_METHOD_MATCH = YES;
				COPY_PHASE_STRIP = NO;
				DEBUG_INFORMATION_FORMAT = dwarf;
				ENABLE_STRICT_OBJC_MSGSEND = YES;
				ENABLE_TESTABILITY = YES;
				ENABLE_USER_SCRIPT_SANDBOXING = YES;
				GCC_C_LANGUAGE_STANDARD = gnu17;
				GCC_DYNAMIC_NO_PIC = NO;
				GCC_NO_COMMON_BLOCKS = YES;
				GCC_OPTIMIZATION_LEVEL = 0;
				GCC_PREPROCESSOR_DEFINITIONS = (
					"DEBUG=1",
					"$(inherited)",
				);
				GCC_WARN_64_TO_32_BIT_CONVERSION = YES;
				GCC_WARN_ABOUT_RETURN_TYPE = YES_ERROR;
				GCC_WARN_UNDECLARED_SELECTOR = YES;
				GCC_WARN_UNINITIALIZED_AUTOS = YES_AGGRESSIVE;
				GCC_WARN_UNUSED_FUNCTION = YES;
				GCC_WARN_UNUSED_VARIABLE = YES;
				IPHONEOS_DEPLOYMENT_TARGET = 17.0;
				LOCALIZATION_PREFERS_STRING_CATALOGS = YES;
				MTL_ENABLE_DEBUG_INFO = INCLUDE_SOURCE;
				MTL_FAST_MATH = YES;
				ONLY_ACTIVE_ARCH = YES;
				SDKROOT = iphoneos;
				SWIFT_ACTIVE_COMPILATION_CONDITIONS = "DEBUG $(inherited)";
				SWIFT_OPTIMIZATION_LEVEL = "-Onone";
			};
			name = Debug;
		};
		322256ED2BF3355500AA6B5D /* Release */ = {
			isa = XCBuildConfiguration;
			buildSettings = {
				ALWAYS_SEARCH_USER_PATHS = NO;
				ASSETCATALOG_COMPILER_GENERATE_SWIFT_ASSET_SYMBOL_EXTENSIONS = YES;
				CLANG_ANALYZER_NONNULL = YES;
				CLANG_ANALYZER_NUMBER_OBJECT_CONVERSION = YES_AGGRESSIVE;
				CLANG_CXX_LANGUAGE_STANDARD = "gnu++20";
				CLANG_ENABLE_MODULES = YES;
				CLANG_ENABLE_OBJC_ARC = YES;
				CLANG_ENABLE_OBJC_WEAK = YES;
				CLANG_WARN_BLOCK_CAPTURE_AUTORELEASING = YES;
				CLANG_WARN_BOOL_CONVERSION = YES;
				CLANG_WARN_COMMA = YES;
				CLANG_WARN_CONSTANT_CONVERSION = YES;
				CLANG_WARN_DEPRECATED_OBJC_IMPLEMENTATIONS = YES;
				CLANG_WARN_DIRECT_OBJC_ISA_USAGE = YES_ERROR;
				CLANG_WARN_DOCUMENTATION_COMMENTS = YES;
				CLANG_WARN_EMPTY_BODY = YES;
				CLANG_WARN_ENUM_CONVERSION = YES;
				CLANG_WARN_INFINITE_RECURSION = YES;
				CLANG_WARN_INT_CONVERSION = YES;
				CLANG_WARN_NON_LITERAL_NULL_CONVERSION = YES;
				CLANG_WARN_OBJC_IMPLICIT_RETAIN_SELF = YES;
				CLANG_WARN_OBJC_LITERAL_CONVERSION = YES;
				CLANG_WARN_OBJC_ROOT_CLASS = YES_ERROR;
				CLANG_WARN_QUOTED_INCLUDE_IN_FRAMEWORK_HEADER = YES;
				CLANG_WARN_RANGE_LOOP_ANALYSIS = YES;
				CLANG_WARN_STRICT_PROTOTYPES = YES;
				CLANG_WARN_SUSPICIOUS_MOVE = YES;
				CLANG_WARN_UNGUARDED_AVAILABILITY = YES_AGGRESSIVE;
				CLANG_WARN_UNREACHABLE_CODE = YES;
				CLANG_WARN__DUPLICATE_METHOD_MATCH = YES;
				COPY_PHASE_STRIP = NO;
				DEBUG_INFORMATION_FORMAT = "dwarf-with-dsym";
				ENABLE_NS_ASSERTIONS = NO;
				ENABLE_STRICT_OBJC_MSGSEND = YES;
				ENABLE_USER_SCRIPT_SANDBOXING = YES;
				GCC_C_LANGUAGE_STANDARD = gnu17;
				GCC_NO_COMMON_BLOCKS = YES;
				GCC_WARN_64_TO_32_BIT_CONVERSION = YES;
				GCC_WARN_ABOUT_RETURN_TYPE = YES_ERROR;
				GCC_WARN_UNDECLARED_SELECTOR = YES;
				GCC_WARN_UNINITIALIZED_AUTOS = YES_AGGRESSIVE;
				GCC_WARN_UNUSED_FUNCTION = YES;
				GCC_WARN_UNUSED_VARIABLE = YES;
				IPHONEOS_DEPLOYMENT_TARGET = 17.0;
				LOCALIZATION_PREFERS_STRING_CATALOGS = YES;
				MTL_ENABLE_DEBUG_INFO = NO;
				MTL_FAST_MATH = YES;
				SDKROOT = iphoneos;
				SWIFT_COMPILATION_MODE = wholemodule;
				VALIDATE_PRODUCT = YES;
			};
			name = Release;
		};
		322256EF2BF3355500AA6B5D /* Debug */ = {
			isa = XCBuildConfiguration;
			buildSettings = {
				ASSETCATALOG_COMPILER_APPICON_NAME = AppIcon;
				ASSETCATALOG_COMPILER_GLOBAL_ACCENT_COLOR_NAME = AccentColor;
				CODE_SIGN_STYLE = Automatic;
				CURRENT_PROJECT_VERSION = 1;
				DEVELOPMENT_ASSET_PATHS = "\"WeatherApp/Preview Content\"";
				DEVELOPMENT_TEAM = 9GQZQAD6HM;
				ENABLE_PREVIEWS = YES;
				GENERATE_INFOPLIST_FILE = YES;
				INFOPLIST_KEY_UIApplicationSceneManifest_Generation = YES;
				INFOPLIST_KEY_UIApplicationSupportsIndirectInputEvents = YES;
				INFOPLIST_KEY_UILaunchScreen_Generation = YES;
				INFOPLIST_KEY_UISupportedInterfaceOrientations_iPad = "UIInterfaceOrientationPortrait UIInterfaceOrientationPortraitUpsideDown UIInterfaceOrientationLandscapeLeft UIInterfaceOrientationLandscapeRight";
				INFOPLIST_KEY_UISupportedInterfaceOrientations_iPhone = "UIInterfaceOrientationPortrait UIInterfaceOrientationLandscapeLeft UIInterfaceOrientationLandscapeRight";
				LD_RUNPATH_SEARCH_PATHS = (
					"$(inherited)",
					"@executable_path/Frameworks",
				);
				MARKETING_VERSION = 1.0;
				PRODUCT_BUNDLE_IDENTIFIER = com.KhanBrothers.WeatherApp;
				PRODUCT_NAME = "$(TARGET_NAME)";
				SWIFT_EMIT_LOC_STRINGS = YES;
				SWIFT_VERSION = 5.0;
				TARGETED_DEVICE_FAMILY = "1,2";
			};
			name = Debug;
		};
		322256F02BF3355500AA6B5D /* Release */ = {
			isa = XCBuildConfiguration;
			buildSettings = {
				ASSETCATALOG_COMPILER_APPICON_NAME = AppIcon;
				ASSETCATALOG_COMPILER_GLOBAL_ACCENT_COLOR_NAME = AccentColor;
				CODE_SIGN_STYLE = Automatic;
				CURRENT_PROJECT_VERSION = 1;
				DEVELOPMENT_ASSET_PATHS = "\"WeatherApp/Preview Content\"";
				DEVELOPMENT_TEAM = 9GQZQAD6HM;
				ENABLE_PREVIEWS = YES;
				GENERATE_INFOPLIST_FILE = YES;
				INFOPLIST_KEY_UIApplicationSceneManifest_Generation = YES;
				INFOPLIST_KEY_UIApplicationSupportsIndirectInputEvents = YES;
				INFOPLIST_KEY_UILaunchScreen_Generation = YES;
				INFOPLIST_KEY_UISupportedInterfaceOrientations_iPad = "UIInterfaceOrientationPortrait UIInterfaceOrientationPortraitUpsideDown UIInterfaceOrientationLandscapeLeft UIInterfaceOrientationLandscapeRight";
				INFOPLIST_KEY_UISupportedInterfaceOrientations_iPhone = "UIInterfaceOrientationPortrait UIInterfaceOrientationLandscapeLeft UIInterfaceOrientationLandscapeRight";
				LD_RUNPATH_SEARCH_PATHS = (
					"$(inherited)",
					"@executable_path/Frameworks",
				);
				MARKETING_VERSION = 1.0;
				PRODUCT_BUNDLE_IDENTIFIER = com.KhanBrothers.WeatherApp;
				PRODUCT_NAME = "$(TARGET_NAME)";
				SWIFT_EMIT_LOC_STRINGS = YES;
				SWIFT_VERSION = 5.0;
				TARGETED_DEVICE_FAMILY = "1,2";
			};
			name = Release;
		};
/* End XCBuildConfiguration section */

/* Begin XCConfigurationList section */
		322256DB2BF3355300AA6B5D /* Build configuration list for PBXProject "WeatherApp" */ = {
			isa = XCConfigurationList;
			buildConfigurations = (
				322256EC2BF3355500AA6B5D /* Debug */,
				322256ED2BF3355500AA6B5D /* Release */,
			);
			defaultConfigurationIsVisible = 0;
			defaultConfigurationName = Release;
		};
		322256EE2BF3355500AA6B5D /* Build configuration list for PBXNativeTarget "WeatherApp" */ = {
			isa = XCConfigurationList;
			buildConfigurations = (
				322256EF2BF3355500AA6B5D /* Debug */,
				322256F02BF3355500AA6B5D /* Release */,
			);
			defaultConfigurationIsVisible = 0;
			defaultConfigurationName = Release;
		};
/* End XCConfigurationList section */
	};
	rootObject = 322256D82BF3355300AA6B5D /* Project object */;
}
